
Microsoft Visual Studio Solution File, Format Version 12.00
# Visual Studio Version 17
VisualStudioVersion = 17.3.32901.215
MinimumVisualStudioVersion = 10.0.40219.1
Project("{2150E333-8FDC-42A3-9474-1A3956D46DE8}") = "src", "src", "{79968845-C170-45B7-AEFC-0D5BFA3DD64B}"
EndProject
Project("{2150E333-8FDC-42A3-9474-1A3956D46DE8}") = "WeChat", "WeChat", "{7B4B397B-5C6A-458F-8122-D56F78E69DDC}"
EndProject
Project("{2150E333-8FDC-42A3-9474-1A3956D46DE8}") = "AliPay", "AliPay", "{412151D4-D4A5-4E07-A886-23AA748B9A22}"
EndProject
Project("{2150E333-8FDC-42A3-9474-1A3956D46DE8}") = "EasyFloat", "EasyFloat", "{D690A98D-BBE6-42A5-93D7-F9538357C5B8}"
EndProject
Project("{2150E333-8FDC-42A3-9474-1A3956D46DE8}") = "Toaster", "Toaster", "{67C97949-B28B-4138-AFDA-AE057760F38E}"
EndProject
Project("{2150E333-8FDC-42A3-9474-1A3956D46DE8}") = "Jiguang", "Jiguang", "{D90C3D34-C53C-44EB-A0C5-2ECDFA3C2532}"
EndProject
Project("{2150E333-8FDC-42A3-9474-1A3956D46DE8}") = "DialogX", "DialogX", "{C0E57AE3-F7B2-4B23-B610-585C59103E6E}"
EndProject
Project("{9A19103F-16F7-4668-BE54-9A1E7A4F7556}") = "DialogX", "src\DialogX\DialogX\DialogX.csproj", "{AF09C4F5-1627-4BBB-9D64-E529AFD55F4B}"
EndProject
Project("{9A19103F-16F7-4668-BE54-9A1E7A4F7556}") = "EasyFloat", "src\EasyFloat\EasyFloat\EasyFloat.csproj", "{8D8D2C01-CC9C-4158-A73E-6E490CD3C7C7}"
EndProject
Project("{9A19103F-16F7-4668-BE54-9A1E7A4F7556}") = "Toaster", "src\Toaster\Toaster\Toaster.csproj", "{8FE0324D-D827-4137-A6E4-1BC078271757}"
EndProject
Project("{9A19103F-16F7-4668-BE54-9A1E7A4F7556}") = "WeChat", "src\WeChat\WeChat\WeChat.csproj", "{7A26FAFC-EE22-44AA-9E42-53B9F321906A}"
EndProject
Project("{9A19103F-16F7-4668-BE54-9A1E7A4F7556}") = "AliPay", "src\AliPay\Android\AliPay.csproj", "{E20A7776-0065-4E05-BF7A-1D054EB286AA}"
EndProject
Project("{2150E333-8FDC-42A3-9474-1A3956D46DE8}") = "AMap", "AMap", "{6B31D7DF-E791-4358-A668-16E9921E9C7E}"
EndProject
Project("{9A19103F-16F7-4668-BE54-9A1E7A4F7556}") = "AMap2D", "src\AMap\Android\AMap2D\AMap2D.csproj", "{C5CEE928-AC45-486D-A853-5E6F035B5816}"
EndProject
Project("{9A19103F-16F7-4668-BE54-9A1E7A4F7556}") = "AMap3D", "src\AMap\Android\AMap3D\AMap3D.csproj", "{7D2E27D4-FABC-4535-A934-D1284A44F379}"
EndProject
Project("{9A19103F-16F7-4668-BE54-9A1E7A4F7556}") = "AMapLite", "src\AMap\Android\AMapLite\AMapLite.csproj", "{08B6AA9E-A82B-4A84-A785-6FE76F41E9AF}"
EndProject
Project("{9A19103F-16F7-4668-BE54-9A1E7A4F7556}") = "AMapLocation", "src\AMap\Android\AMapLocation\AMapLocation.csproj", "{065DC64B-E97C-46E6-8E10-CA09299D9FF8}"
EndProject
Project("{9A19103F-16F7-4668-BE54-9A1E7A4F7556}") = "AMapNavi", "src\AMap\Android\AMapNavi\AMapNavi.csproj", "{AC5D2E64-3D21-412B-8AAF-E4B9D1C3396C}"
EndProject
Project("{9A19103F-16F7-4668-BE54-9A1E7A4F7556}") = "AMapTrack", "src\AMap\Android\AMapTrack\AMapTrack.csproj", "{E9209EDD-A756-4709-81BE-45D7909910F9}"
EndProject
Project("{2150E333-8FDC-42A3-9474-1A3956D46DE8}") = "BaiduMap", "BaiduMap", "{EFCE583C-1A0E-484B-BF53-3DF0F62E44D9}"
EndProject
Project("{9A19103F-16F7-4668-BE54-9A1E7A4F7556}") = "BaiduMapLocation", "src\BaiduMap\Android\BaiduMapLocation\BaiduMapLocation.csproj", "{99150632-D1B8-459A-A4FF-5E011CC9EFC4}"
EndProject
Project("{9A19103F-16F7-4668-BE54-9A1E7A4F7556}") = "BaiduMapLocationAll", "src\BaiduMap\Android\BaiduMapLocationAll\BaiduMapLocationAll.csproj", "{653969D2-2EE5-4FBE-A0D2-BC796789A40D}"
EndProject
Project("{9A19103F-16F7-4668-BE54-9A1E7A4F7556}") = "BaiduMapMap", "src\BaiduMap\Android\BaiduMapMap\BaiduMapMap.csproj", "{22B5714C-0842-47EC-8EF3-8E7F18D1CB97}"
EndProject
Project("{9A19103F-16F7-4668-BE54-9A1E7A4F7556}") = "BaiduMapMapAllNavi", "src\BaiduMap\Android\BaiduMapMapAllNavi\BaiduMapMapAllNavi.csproj", "{9518F1AB-C742-499C-9A6F-9901AA44FB60}"
EndProject
Project("{9A19103F-16F7-4668-BE54-9A1E7A4F7556}") = "BaiduMapMapBWNavi", "src\BaiduMap\Android\BaiduMapMapBWNavi\BaiduMapMapBWNavi.csproj", "{A11C1A82-8CE4-45FA-A4CF-0B9A92682EA2}"
EndProject
Project("{9A19103F-16F7-4668-BE54-9A1E7A4F7556}") = "BaiduMapMapNavi", "src\BaiduMap\Android\BaiduMapMapNavi\BaiduMapMapNavi.csproj", "{2B49AAFD-C3D5-47CA-BE83-A7A8A7F799FE}"
EndProject
Project("{9A19103F-16F7-4668-BE54-9A1E7A4F7556}") = "BaiduMapNaviTts", "src\BaiduMap\Android\BaiduMapNaviTts\BaiduMapNaviTts.csproj", "{F44F0247-2FB9-4509-84C4-B7A6F4290737}"
EndProject
Project("{9A19103F-16F7-4668-BE54-9A1E7A4F7556}") = "BaiduMapSearch", "src\BaiduMap\Android\BaiduMapSearch\BaiduMapSearch.csproj", "{7639940D-9C61-4C48-BA59-01110F44A53B}"
EndProject
Project("{9A19103F-16F7-4668-BE54-9A1E7A4F7556}") = "BaiduMapUtil", "src\BaiduMap\Android\BaiduMapUtil\BaiduMapUtil.csproj", "{06BC2186-64AF-4371-896E-74C6DC18793E}"
EndProject
Project("{2150E333-8FDC-42A3-9474-1A3956D46DE8}") = "Ezviz", "Ezviz", "{5AC3EFB0-96DA-46DE-82EC-50D8F486BC89}"
EndProject
Project("{9A19103F-16F7-4668-BE54-9A1E7A4F7556}") = "EzvizSDK", "src\Ezviz\Android\EzvizSDK\EzvizSDK.csproj", "{BF7FBF8F-7E18-402B-8775-D5276CBBF01F}"
EndProject
Project("{9A19103F-16F7-4668-BE54-9A1E7A4F7556}") = "EzvizStreamCtrl", "src\Ezviz\Android\EzvizStreamCtrl\EzvizStreamCtrl.csproj", "{7668D0E6-0D4B-48F6-B607-363756333912}"
EndProject
Project("{9A19103F-16F7-4668-BE54-9A1E7A4F7556}") = "EzvizVideoTalk", "src\Ezviz\Android\EzvizVideoTalk\EzvizVideoTalk.csproj", "{47EBD59D-5693-453A-9EA0-5B74845657CA}"
EndProject
Project("{2150E333-8FDC-42A3-9474-1A3956D46DE8}") = "Getui", "Getui", "{595DE70F-BC33-41BA-8363-81243AC63C5D}"
EndProject
Project("{9A19103F-16F7-4668-BE54-9A1E7A4F7556}") = "GetuiGtc", "src\Getui\Android\GetuiGtc\GetuiGtc.csproj", "{9553BCE3-A888-408C-970A-68A4DB2DDCEA}"
EndProject
Project("{9A19103F-16F7-4668-BE54-9A1E7A4F7556}") = "GetuiGtSdk", "src\Getui\Android\GetuiGtSdk\GetuiGtSdk.csproj", "{0F7B07CB-D9D7-4AA2-945A-4B3AB3CA28D8}"
EndProject
Project("{9A19103F-16F7-4668-BE54-9A1E7A4F7556}") = "JiguangJCore", "src\Jiguang\Android\JiguangJCore\JiguangJCore.csproj", "{8D1435D2-2A9E-40EB-86AF-8C6BB15B3BFC}"
EndProject
Project("{9A19103F-16F7-4668-BE54-9A1E7A4F7556}") = "JiguangJPush", "src\Jiguang\Android\JiguangJPush\JiguangJPush.csproj", "{0BEF6D6F-6C3A-42F6-8AEA-953F08645603}"
EndProject
Project("{2150E333-8FDC-42A3-9474-1A3956D46DE8}") = "PhotoEditor", "PhotoEditor", "{D13DFF5D-6C74-4A75-8BFC-4E20C13F7566}"
EndProject
Project("{9A19103F-16F7-4668-BE54-9A1E7A4F7556}") = "PhotoEditor", "src\PhotoEditor\PhotoEditor\PhotoEditor.csproj", "{6CB73F49-5F0F-4A0E-8445-B7DF971206A5}"
EndProject
Project("{2150E333-8FDC-42A3-9474-1A3956D46DE8}") = "Intercom", "Intercom", "{2076B393-B4E0-40DF-BFA5-CB3240C901A1}"
EndProject
Project("{2150E333-8FDC-42A3-9474-1A3956D46DE8}") = "Android", "Android", "{200B59BC-D3AE-4246-9D58-065476FA09B0}"
EndProject
Project("{9A19103F-16F7-4668-BE54-9A1E7A4F7556}") = "IntercomSdkBase", "src\Intercom\Android\IntercomSdkBase\IntercomSdkBase.csproj", "{EEE29163-19A0-4387-B859-76B905BF2630}"
EndProject
Project("{9A19103F-16F7-4668-BE54-9A1E7A4F7556}") = "IntercomSdk", "src\Intercom\Android\IntercomSdk\IntercomSdk.csproj", "{ED0B8E92-C039-4F48-8664-E3D762C64594}"
EndProject
Project("{2150E333-8FDC-42A3-9474-1A3956D46DE8}") = "Stripe", "Stripe", "{78E2EE3C-D031-41F1-9701-4418364EB25D}"
EndProject
Project("{2150E333-8FDC-42A3-9474-1A3956D46DE8}") = "Android", "Android", "{9E009B8A-BE96-4824-BBEA-4CC0CA13C4FC}"
EndProject
Project("{9A19103F-16F7-4668-BE54-9A1E7A4F7556}") = "Stripe", "src\Stripe\Android\Stripe\Stripe.csproj", "{4236B051-CA5C-4D39-B4E8-1A2B19D3C78A}"
EndProject
Project("{9A19103F-16F7-4668-BE54-9A1E7A4F7556}") = "Stripe.PaymentSheet", "src\Stripe\Android\Stripe.PaymentSheet\Stripe.PaymentSheet.csproj", "{81BE31F2-33B0-4E59-98EA-DED9424F7014}"
EndProject
Project("{9A19103F-16F7-4668-BE54-9A1E7A4F7556}") = "Stripe.Link", "src\Stripe\Android\Stripe.Link\Stripe.Link.csproj", "{D8B36641-7B4A-4BE2-BFDD-B4E320D9BDE4}"
EndProject
Project("{9A19103F-16F7-4668-BE54-9A1E7A4F7556}") = "Stripe.PaymentsModel", "src\Stripe\Android\Stripe.PaymentsModel\Stripe.PaymentsModel.csproj", "{9454CE50-BDF3-496E-8C8E-FE0B18C91975}"
EndProject
Project("{9A19103F-16F7-4668-BE54-9A1E7A4F7556}") = "Stripe.3DS2", "src\Stripe\Android\Stripe.3DS2\Stripe.3DS2.csproj", "{A74D1F5D-F821-4AAE-83E0-36558D6FA401}"
EndProject
Project("{FAE04EC0-301F-11D3-BF4B-00C04F79EFBC}") = "Stripe.PaymentsCore", "src\Stripe\Android\Stripe.PaymentsCore\Stripe.PaymentsCore.csproj", "{7518EF7B-57D8-4D18-A2B5-F06DE938139E}"
EndProject
Project("{FAE04EC0-301F-11D3-BF4B-00C04F79EFBC}") = "Stripe.Core", "src\Stripe\Android\Stripe.Core\Stripe.Core.csproj", "{2339885E-671C-4605-A537-D67FAD5FFBD8}"
EndProject
Global
	GlobalSection(SolutionConfigurationPlatforms) = preSolution
		Debug|Any CPU = Debug|Any CPU
		Release|Any CPU = Release|Any CPU
	EndGlobalSection
	GlobalSection(ProjectConfigurationPlatforms) = postSolution
		{AF09C4F5-1627-4BBB-9D64-E529AFD55F4B}.Debug|Any CPU.ActiveCfg = Debug|Any CPU
		{AF09C4F5-1627-4BBB-9D64-E529AFD55F4B}.Debug|Any CPU.Build.0 = Debug|Any CPU
		{AF09C4F5-1627-4BBB-9D64-E529AFD55F4B}.Release|Any CPU.ActiveCfg = Release|Any CPU
		{AF09C4F5-1627-4BBB-9D64-E529AFD55F4B}.Release|Any CPU.Build.0 = Release|Any CPU
		{8D8D2C01-CC9C-4158-A73E-6E490CD3C7C7}.Debug|Any CPU.ActiveCfg = Debug|Any CPU
		{8D8D2C01-CC9C-4158-A73E-6E490CD3C7C7}.Debug|Any CPU.Build.0 = Debug|Any CPU
		{8D8D2C01-CC9C-4158-A73E-6E490CD3C7C7}.Release|Any CPU.ActiveCfg = Release|Any CPU
		{8D8D2C01-CC9C-4158-A73E-6E490CD3C7C7}.Release|Any CPU.Build.0 = Release|Any CPU
		{8FE0324D-D827-4137-A6E4-1BC078271757}.Debug|Any CPU.ActiveCfg = Debug|Any CPU
		{8FE0324D-D827-4137-A6E4-1BC078271757}.Debug|Any CPU.Build.0 = Debug|Any CPU
		{8FE0324D-D827-4137-A6E4-1BC078271757}.Release|Any CPU.ActiveCfg = Release|Any CPU
		{8FE0324D-D827-4137-A6E4-1BC078271757}.Release|Any CPU.Build.0 = Release|Any CPU
		{7A26FAFC-EE22-44AA-9E42-53B9F321906A}.Debug|Any CPU.ActiveCfg = Debug|Any CPU
		{7A26FAFC-EE22-44AA-9E42-53B9F321906A}.Debug|Any CPU.Build.0 = Debug|Any CPU
		{7A26FAFC-EE22-44AA-9E42-53B9F321906A}.Release|Any CPU.ActiveCfg = Release|Any CPU
		{7A26FAFC-EE22-44AA-9E42-53B9F321906A}.Release|Any CPU.Build.0 = Release|Any CPU
		{E20A7776-0065-4E05-BF7A-1D054EB286AA}.Debug|Any CPU.ActiveCfg = Debug|Any CPU
		{E20A7776-0065-4E05-BF7A-1D054EB286AA}.Debug|Any CPU.Build.0 = Debug|Any CPU
		{E20A7776-0065-4E05-BF7A-1D054EB286AA}.Release|Any CPU.ActiveCfg = Release|Any CPU
		{E20A7776-0065-4E05-BF7A-1D054EB286AA}.Release|Any CPU.Build.0 = Release|Any CPU
		{C5CEE928-AC45-486D-A853-5E6F035B5816}.Debug|Any CPU.ActiveCfg = Debug|Any CPU
		{C5CEE928-AC45-486D-A853-5E6F035B5816}.Debug|Any CPU.Build.0 = Debug|Any CPU
		{C5CEE928-AC45-486D-A853-5E6F035B5816}.Release|Any CPU.ActiveCfg = Release|Any CPU
		{C5CEE928-AC45-486D-A853-5E6F035B5816}.Release|Any CPU.Build.0 = Release|Any CPU
		{7D2E27D4-FABC-4535-A934-D1284A44F379}.Debug|Any CPU.ActiveCfg = Debug|Any CPU
		{7D2E27D4-FABC-4535-A934-D1284A44F379}.Debug|Any CPU.Build.0 = Debug|Any CPU
		{7D2E27D4-FABC-4535-A934-D1284A44F379}.Release|Any CPU.ActiveCfg = Release|Any CPU
		{7D2E27D4-FABC-4535-A934-D1284A44F379}.Release|Any CPU.Build.0 = Release|Any CPU
		{08B6AA9E-A82B-4A84-A785-6FE76F41E9AF}.Debug|Any CPU.ActiveCfg = Debug|Any CPU
		{08B6AA9E-A82B-4A84-A785-6FE76F41E9AF}.Debug|Any CPU.Build.0 = Debug|Any CPU
		{08B6AA9E-A82B-4A84-A785-6FE76F41E9AF}.Release|Any CPU.ActiveCfg = Release|Any CPU
		{08B6AA9E-A82B-4A84-A785-6FE76F41E9AF}.Release|Any CPU.Build.0 = Release|Any CPU
		{065DC64B-E97C-46E6-8E10-CA09299D9FF8}.Debug|Any CPU.ActiveCfg = Debug|Any CPU
		{065DC64B-E97C-46E6-8E10-CA09299D9FF8}.Debug|Any CPU.Build.0 = Debug|Any CPU
		{065DC64B-E97C-46E6-8E10-CA09299D9FF8}.Release|Any CPU.ActiveCfg = Release|Any CPU
		{065DC64B-E97C-46E6-8E10-CA09299D9FF8}.Release|Any CPU.Build.0 = Release|Any CPU
		{AC5D2E64-3D21-412B-8AAF-E4B9D1C3396C}.Debug|Any CPU.ActiveCfg = Debug|Any CPU
		{AC5D2E64-3D21-412B-8AAF-E4B9D1C3396C}.Debug|Any CPU.Build.0 = Debug|Any CPU
		{AC5D2E64-3D21-412B-8AAF-E4B9D1C3396C}.Release|Any CPU.ActiveCfg = Release|Any CPU
		{AC5D2E64-3D21-412B-8AAF-E4B9D1C3396C}.Release|Any CPU.Build.0 = Release|Any CPU
		{E9209EDD-A756-4709-81BE-45D7909910F9}.Debug|Any CPU.ActiveCfg = Debug|Any CPU
		{E9209EDD-A756-4709-81BE-45D7909910F9}.Debug|Any CPU.Build.0 = Debug|Any CPU
		{E9209EDD-A756-4709-81BE-45D7909910F9}.Release|Any CPU.ActiveCfg = Release|Any CPU
		{E9209EDD-A756-4709-81BE-45D7909910F9}.Release|Any CPU.Build.0 = Release|Any CPU
		{99150632-D1B8-459A-A4FF-5E011CC9EFC4}.Debug|Any CPU.ActiveCfg = Debug|Any CPU
		{99150632-D1B8-459A-A4FF-5E011CC9EFC4}.Debug|Any CPU.Build.0 = Debug|Any CPU
		{99150632-D1B8-459A-A4FF-5E011CC9EFC4}.Release|Any CPU.ActiveCfg = Release|Any CPU
		{99150632-D1B8-459A-A4FF-5E011CC9EFC4}.Release|Any CPU.Build.0 = Release|Any CPU
		{653969D2-2EE5-4FBE-A0D2-BC796789A40D}.Debug|Any CPU.ActiveCfg = Debug|Any CPU
		{653969D2-2EE5-4FBE-A0D2-BC796789A40D}.Debug|Any CPU.Build.0 = Debug|Any CPU
		{653969D2-2EE5-4FBE-A0D2-BC796789A40D}.Release|Any CPU.ActiveCfg = Release|Any CPU
		{653969D2-2EE5-4FBE-A0D2-BC796789A40D}.Release|Any CPU.Build.0 = Release|Any CPU
		{22B5714C-0842-47EC-8EF3-8E7F18D1CB97}.Debug|Any CPU.ActiveCfg = Debug|Any CPU
		{22B5714C-0842-47EC-8EF3-8E7F18D1CB97}.Debug|Any CPU.Build.0 = Debug|Any CPU
		{22B5714C-0842-47EC-8EF3-8E7F18D1CB97}.Release|Any CPU.ActiveCfg = Release|Any CPU
		{22B5714C-0842-47EC-8EF3-8E7F18D1CB97}.Release|Any CPU.Build.0 = Release|Any CPU
		{9518F1AB-C742-499C-9A6F-9901AA44FB60}.Debug|Any CPU.ActiveCfg = Debug|Any CPU
		{9518F1AB-C742-499C-9A6F-9901AA44FB60}.Debug|Any CPU.Build.0 = Debug|Any CPU
		{9518F1AB-C742-499C-9A6F-9901AA44FB60}.Release|Any CPU.ActiveCfg = Release|Any CPU
		{9518F1AB-C742-499C-9A6F-9901AA44FB60}.Release|Any CPU.Build.0 = Release|Any CPU
		{A11C1A82-8CE4-45FA-A4CF-0B9A92682EA2}.Debug|Any CPU.ActiveCfg = Debug|Any CPU
		{A11C1A82-8CE4-45FA-A4CF-0B9A92682EA2}.Debug|Any CPU.Build.0 = Debug|Any CPU
		{A11C1A82-8CE4-45FA-A4CF-0B9A92682EA2}.Release|Any CPU.ActiveCfg = Release|Any CPU
		{A11C1A82-8CE4-45FA-A4CF-0B9A92682EA2}.Release|Any CPU.Build.0 = Release|Any CPU
		{2B49AAFD-C3D5-47CA-BE83-A7A8A7F799FE}.Debug|Any CPU.ActiveCfg = Debug|Any CPU
		{2B49AAFD-C3D5-47CA-BE83-A7A8A7F799FE}.Debug|Any CPU.Build.0 = Debug|Any CPU
		{2B49AAFD-C3D5-47CA-BE83-A7A8A7F799FE}.Release|Any CPU.ActiveCfg = Release|Any CPU
		{2B49AAFD-C3D5-47CA-BE83-A7A8A7F799FE}.Release|Any CPU.Build.0 = Release|Any CPU
		{F44F0247-2FB9-4509-84C4-B7A6F4290737}.Debug|Any CPU.ActiveCfg = Debug|Any CPU
		{F44F0247-2FB9-4509-84C4-B7A6F4290737}.Debug|Any CPU.Build.0 = Debug|Any CPU
		{F44F0247-2FB9-4509-84C4-B7A6F4290737}.Release|Any CPU.ActiveCfg = Release|Any CPU
		{F44F0247-2FB9-4509-84C4-B7A6F4290737}.Release|Any CPU.Build.0 = Release|Any CPU
		{7639940D-9C61-4C48-BA59-01110F44A53B}.Debug|Any CPU.ActiveCfg = Debug|Any CPU
		{7639940D-9C61-4C48-BA59-01110F44A53B}.Debug|Any CPU.Build.0 = Debug|Any CPU
		{7639940D-9C61-4C48-BA59-01110F44A53B}.Release|Any CPU.ActiveCfg = Release|Any CPU
		{7639940D-9C61-4C48-BA59-01110F44A53B}.Release|Any CPU.Build.0 = Release|Any CPU
		{06BC2186-64AF-4371-896E-74C6DC18793E}.Debug|Any CPU.ActiveCfg = Debug|Any CPU
		{06BC2186-64AF-4371-896E-74C6DC18793E}.Debug|Any CPU.Build.0 = Debug|Any CPU
		{06BC2186-64AF-4371-896E-74C6DC18793E}.Release|Any CPU.ActiveCfg = Release|Any CPU
		{06BC2186-64AF-4371-896E-74C6DC18793E}.Release|Any CPU.Build.0 = Release|Any CPU
		{BF7FBF8F-7E18-402B-8775-D5276CBBF01F}.Debug|Any CPU.ActiveCfg = Debug|Any CPU
		{BF7FBF8F-7E18-402B-8775-D5276CBBF01F}.Debug|Any CPU.Build.0 = Debug|Any CPU
		{BF7FBF8F-7E18-402B-8775-D5276CBBF01F}.Release|Any CPU.ActiveCfg = Release|Any CPU
		{BF7FBF8F-7E18-402B-8775-D5276CBBF01F}.Release|Any CPU.Build.0 = Release|Any CPU
		{7668D0E6-0D4B-48F6-B607-363756333912}.Debug|Any CPU.ActiveCfg = Debug|Any CPU
		{7668D0E6-0D4B-48F6-B607-363756333912}.Debug|Any CPU.Build.0 = Debug|Any CPU
		{7668D0E6-0D4B-48F6-B607-363756333912}.Release|Any CPU.ActiveCfg = Release|Any CPU
		{7668D0E6-0D4B-48F6-B607-363756333912}.Release|Any CPU.Build.0 = Release|Any CPU
		{47EBD59D-5693-453A-9EA0-5B74845657CA}.Debug|Any CPU.ActiveCfg = Debug|Any CPU
		{47EBD59D-5693-453A-9EA0-5B74845657CA}.Debug|Any CPU.Build.0 = Debug|Any CPU
		{47EBD59D-5693-453A-9EA0-5B74845657CA}.Release|Any CPU.ActiveCfg = Release|Any CPU
		{47EBD59D-5693-453A-9EA0-5B74845657CA}.Release|Any CPU.Build.0 = Release|Any CPU
		{9553BCE3-A888-408C-970A-68A4DB2DDCEA}.Debug|Any CPU.ActiveCfg = Debug|Any CPU
		{9553BCE3-A888-408C-970A-68A4DB2DDCEA}.Debug|Any CPU.Build.0 = Debug|Any CPU
		{9553BCE3-A888-408C-970A-68A4DB2DDCEA}.Release|Any CPU.ActiveCfg = Release|Any CPU
		{9553BCE3-A888-408C-970A-68A4DB2DDCEA}.Release|Any CPU.Build.0 = Release|Any CPU
		{0F7B07CB-D9D7-4AA2-945A-4B3AB3CA28D8}.Debug|Any CPU.ActiveCfg = Debug|Any CPU
		{0F7B07CB-D9D7-4AA2-945A-4B3AB3CA28D8}.Debug|Any CPU.Build.0 = Debug|Any CPU
		{0F7B07CB-D9D7-4AA2-945A-4B3AB3CA28D8}.Release|Any CPU.ActiveCfg = Release|Any CPU
		{0F7B07CB-D9D7-4AA2-945A-4B3AB3CA28D8}.Release|Any CPU.Build.0 = Release|Any CPU
		{8D1435D2-2A9E-40EB-86AF-8C6BB15B3BFC}.Debug|Any CPU.ActiveCfg = Debug|Any CPU
		{8D1435D2-2A9E-40EB-86AF-8C6BB15B3BFC}.Debug|Any CPU.Build.0 = Debug|Any CPU
		{8D1435D2-2A9E-40EB-86AF-8C6BB15B3BFC}.Release|Any CPU.ActiveCfg = Release|Any CPU
		{8D1435D2-2A9E-40EB-86AF-8C6BB15B3BFC}.Release|Any CPU.Build.0 = Release|Any CPU
		{0BEF6D6F-6C3A-42F6-8AEA-953F08645603}.Debug|Any CPU.ActiveCfg = Debug|Any CPU
		{0BEF6D6F-6C3A-42F6-8AEA-953F08645603}.Debug|Any CPU.Build.0 = Debug|Any CPU
		{0BEF6D6F-6C3A-42F6-8AEA-953F08645603}.Release|Any CPU.ActiveCfg = Release|Any CPU
		{0BEF6D6F-6C3A-42F6-8AEA-953F08645603}.Release|Any CPU.Build.0 = Release|Any CPU
		{6CB73F49-5F0F-4A0E-8445-B7DF971206A5}.Debug|Any CPU.ActiveCfg = Debug|Any CPU
		{6CB73F49-5F0F-4A0E-8445-B7DF971206A5}.Debug|Any CPU.Build.0 = Debug|Any CPU
		{6CB73F49-5F0F-4A0E-8445-B7DF971206A5}.Release|Any CPU.ActiveCfg = Release|Any CPU
		{6CB73F49-5F0F-4A0E-8445-B7DF971206A5}.Release|Any CPU.Build.0 = Release|Any CPU
		{EEE29163-19A0-4387-B859-76B905BF2630}.Debug|Any CPU.ActiveCfg = Debug|Any CPU
		{EEE29163-19A0-4387-B859-76B905BF2630}.Debug|Any CPU.Build.0 = Debug|Any CPU
		{EEE29163-19A0-4387-B859-76B905BF2630}.Release|Any CPU.ActiveCfg = Release|Any CPU
		{EEE29163-19A0-4387-B859-76B905BF2630}.Release|Any CPU.Build.0 = Release|Any CPU
		{ED0B8E92-C039-4F48-8664-E3D762C64594}.Debug|Any CPU.ActiveCfg = Debug|Any CPU
		{ED0B8E92-C039-4F48-8664-E3D762C64594}.Debug|Any CPU.Build.0 = Debug|Any CPU
		{ED0B8E92-C039-4F48-8664-E3D762C64594}.Release|Any CPU.ActiveCfg = Release|Any CPU
		{ED0B8E92-C039-4F48-8664-E3D762C64594}.Release|Any CPU.Build.0 = Release|Any CPU
		{4236B051-CA5C-4D39-B4E8-1A2B19D3C78A}.Debug|Any CPU.ActiveCfg = Debug|Any CPU
		{4236B051-CA5C-4D39-B4E8-1A2B19D3C78A}.Debug|Any CPU.Build.0 = Debug|Any CPU
		{4236B051-CA5C-4D39-B4E8-1A2B19D3C78A}.Release|Any CPU.ActiveCfg = Release|Any CPU
		{4236B051-CA5C-4D39-B4E8-1A2B19D3C78A}.Release|Any CPU.Build.0 = Release|Any CPU
		{81BE31F2-33B0-4E59-98EA-DED9424F7014}.Debug|Any CPU.ActiveCfg = Debug|Any CPU
		{81BE31F2-33B0-4E59-98EA-DED9424F7014}.Debug|Any CPU.Build.0 = Debug|Any CPU
		{81BE31F2-33B0-4E59-98EA-DED9424F7014}.Release|Any CPU.ActiveCfg = Release|Any CPU
		{81BE31F2-33B0-4E59-98EA-DED9424F7014}.Release|Any CPU.Build.0 = Release|Any CPU
		{D8B36641-7B4A-4BE2-BFDD-B4E320D9BDE4}.Debug|Any CPU.ActiveCfg = Debug|Any CPU
		{D8B36641-7B4A-4BE2-BFDD-B4E320D9BDE4}.Debug|Any CPU.Build.0 = Debug|Any CPU
		{D8B36641-7B4A-4BE2-BFDD-B4E320D9BDE4}.Release|Any CPU.ActiveCfg = Release|Any CPU
		{D8B36641-7B4A-4BE2-BFDD-B4E320D9BDE4}.Release|Any CPU.Build.0 = Release|Any CPU
		{9454CE50-BDF3-496E-8C8E-FE0B18C91975}.Debug|Any CPU.ActiveCfg = Debug|Any CPU
		{9454CE50-BDF3-496E-8C8E-FE0B18C91975}.Debug|Any CPU.Build.0 = Debug|Any CPU
		{9454CE50-BDF3-496E-8C8E-FE0B18C91975}.Release|Any CPU.ActiveCfg = Release|Any CPU
		{9454CE50-BDF3-496E-8C8E-FE0B18C91975}.Release|Any CPU.Build.0 = Release|Any CPU
		{A74D1F5D-F821-4AAE-83E0-36558D6FA401}.Debug|Any CPU.ActiveCfg = Debug|Any CPU
		{A74D1F5D-F821-4AAE-83E0-36558D6FA401}.Debug|Any CPU.Build.0 = Debug|Any CPU
		{A74D1F5D-F821-4AAE-83E0-36558D6FA401}.Release|Any CPU.ActiveCfg = Release|Any CPU
		{A74D1F5D-F821-4AAE-83E0-36558D6FA401}.Release|Any CPU.Build.0 = Release|Any CPU
		{7518EF7B-57D8-4D18-A2B5-F06DE938139E}.Debug|Any CPU.ActiveCfg = Debug|Any CPU
		{7518EF7B-57D8-4D18-A2B5-F06DE938139E}.Debug|Any CPU.Build.0 = Debug|Any CPU
		{7518EF7B-57D8-4D18-A2B5-F06DE938139E}.Release|Any CPU.ActiveCfg = Release|Any CPU
		{7518EF7B-57D8-4D18-A2B5-F06DE938139E}.Release|Any CPU.Build.0 = Release|Any CPU
		{2339885E-671C-4605-A537-D67FAD5FFBD8}.Debug|Any CPU.ActiveCfg = Debug|Any CPU
		{2339885E-671C-4605-A537-D67FAD5FFBD8}.Debug|Any CPU.Build.0 = Debug|Any CPU
		{2339885E-671C-4605-A537-D67FAD5FFBD8}.Release|Any CPU.ActiveCfg = Release|Any CPU
		{2339885E-671C-4605-A537-D67FAD5FFBD8}.Release|Any CPU.Build.0 = Release|Any CPU
	EndGlobalSection
	GlobalSection(SolutionProperties) = preSolution
		HideSolutionNode = FALSE
	EndGlobalSection
	GlobalSection(NestedProjects) = preSolution
		{7B4B397B-5C6A-458F-8122-D56F78E69DDC} = {79968845-C170-45B7-AEFC-0D5BFA3DD64B}
		{412151D4-D4A5-4E07-A886-23AA748B9A22} = {79968845-C170-45B7-AEFC-0D5BFA3DD64B}
		{D690A98D-BBE6-42A5-93D7-F9538357C5B8} = {79968845-C170-45B7-AEFC-0D5BFA3DD64B}
		{67C97949-B28B-4138-AFDA-AE057760F38E} = {79968845-C170-45B7-AEFC-0D5BFA3DD64B}
		{D90C3D34-C53C-44EB-A0C5-2ECDFA3C2532} = {79968845-C170-45B7-AEFC-0D5BFA3DD64B}
		{C0E57AE3-F7B2-4B23-B610-585C59103E6E} = {79968845-C170-45B7-AEFC-0D5BFA3DD64B}
		{AF09C4F5-1627-4BBB-9D64-E529AFD55F4B} = {C0E57AE3-F7B2-4B23-B610-585C59103E6E}
		{8D8D2C01-CC9C-4158-A73E-6E490CD3C7C7} = {D690A98D-BBE6-42A5-93D7-F9538357C5B8}
		{8FE0324D-D827-4137-A6E4-1BC078271757} = {67C97949-B28B-4138-AFDA-AE057760F38E}
		{7A26FAFC-EE22-44AA-9E42-53B9F321906A} = {7B4B397B-5C6A-458F-8122-D56F78E69DDC}
		{E20A7776-0065-4E05-BF7A-1D054EB286AA} = {412151D4-D4A5-4E07-A886-23AA748B9A22}
		{6B31D7DF-E791-4358-A668-16E9921E9C7E} = {79968845-C170-45B7-AEFC-0D5BFA3DD64B}
		{C5CEE928-AC45-486D-A853-5E6F035B5816} = {6B31D7DF-E791-4358-A668-16E9921E9C7E}
		{7D2E27D4-FABC-4535-A934-D1284A44F379} = {6B31D7DF-E791-4358-A668-16E9921E9C7E}
		{08B6AA9E-A82B-4A84-A785-6FE76F41E9AF} = {6B31D7DF-E791-4358-A668-16E9921E9C7E}
		{065DC64B-E97C-46E6-8E10-CA09299D9FF8} = {6B31D7DF-E791-4358-A668-16E9921E9C7E}
		{AC5D2E64-3D21-412B-8AAF-E4B9D1C3396C} = {6B31D7DF-E791-4358-A668-16E9921E9C7E}
		{E9209EDD-A756-4709-81BE-45D7909910F9} = {6B31D7DF-E791-4358-A668-16E9921E9C7E}
		{EFCE583C-1A0E-484B-BF53-3DF0F62E44D9} = {79968845-C170-45B7-AEFC-0D5BFA3DD64B}
		{99150632-D1B8-459A-A4FF-5E011CC9EFC4} = {EFCE583C-1A0E-484B-BF53-3DF0F62E44D9}
		{653969D2-2EE5-4FBE-A0D2-BC796789A40D} = {EFCE583C-1A0E-484B-BF53-3DF0F62E44D9}
		{22B5714C-0842-47EC-8EF3-8E7F18D1CB97} = {EFCE583C-1A0E-484B-BF53-3DF0F62E44D9}
		{9518F1AB-C742-499C-9A6F-9901AA44FB60} = {EFCE583C-1A0E-484B-BF53-3DF0F62E44D9}
		{A11C1A82-8CE4-45FA-A4CF-0B9A92682EA2} = {EFCE583C-1A0E-484B-BF53-3DF0F62E44D9}
		{2B49AAFD-C3D5-47CA-BE83-A7A8A7F799FE} = {EFCE583C-1A0E-484B-BF53-3DF0F62E44D9}
		{F44F0247-2FB9-4509-84C4-B7A6F4290737} = {EFCE583C-1A0E-484B-BF53-3DF0F62E44D9}
		{7639940D-9C61-4C48-BA59-01110F44A53B} = {EFCE583C-1A0E-484B-BF53-3DF0F62E44D9}
		{06BC2186-64AF-4371-896E-74C6DC18793E} = {EFCE583C-1A0E-484B-BF53-3DF0F62E44D9}
		{5AC3EFB0-96DA-46DE-82EC-50D8F486BC89} = {79968845-C170-45B7-AEFC-0D5BFA3DD64B}
		{BF7FBF8F-7E18-402B-8775-D5276CBBF01F} = {5AC3EFB0-96DA-46DE-82EC-50D8F486BC89}
		{7668D0E6-0D4B-48F6-B607-363756333912} = {5AC3EFB0-96DA-46DE-82EC-50D8F486BC89}
		{47EBD59D-5693-453A-9EA0-5B74845657CA} = {5AC3EFB0-96DA-46DE-82EC-50D8F486BC89}
		{595DE70F-BC33-41BA-8363-81243AC63C5D} = {79968845-C170-45B7-AEFC-0D5BFA3DD64B}
		{9553BCE3-A888-408C-970A-68A4DB2DDCEA} = {595DE70F-BC33-41BA-8363-81243AC63C5D}
		{0F7B07CB-D9D7-4AA2-945A-4B3AB3CA28D8} = {595DE70F-BC33-41BA-8363-81243AC63C5D}
		{8D1435D2-2A9E-40EB-86AF-8C6BB15B3BFC} = {D90C3D34-C53C-44EB-A0C5-2ECDFA3C2532}
		{0BEF6D6F-6C3A-42F6-8AEA-953F08645603} = {D90C3D34-C53C-44EB-A0C5-2ECDFA3C2532}
		{D13DFF5D-6C74-4A75-8BFC-4E20C13F7566} = {79968845-C170-45B7-AEFC-0D5BFA3DD64B}
		{6CB73F49-5F0F-4A0E-8445-B7DF971206A5} = {D13DFF5D-6C74-4A75-8BFC-4E20C13F7566}
		{2076B393-B4E0-40DF-BFA5-CB3240C901A1} = {79968845-C170-45B7-AEFC-0D5BFA3DD64B}
		{200B59BC-D3AE-4246-9D58-065476FA09B0} = {2076B393-B4E0-40DF-BFA5-CB3240C901A1}
		{EEE29163-19A0-4387-B859-76B905BF2630} = {200B59BC-D3AE-4246-9D58-065476FA09B0}
		{ED0B8E92-C039-4F48-8664-E3D762C64594} = {200B59BC-D3AE-4246-9D58-065476FA09B0}
		{78E2EE3C-D031-41F1-9701-4418364EB25D} = {79968845-C170-45B7-AEFC-0D5BFA3DD64B}
		{9E009B8A-BE96-4824-BBEA-4CC0CA13C4FC} = {78E2EE3C-D031-41F1-9701-4418364EB25D}
		{4236B051-CA5C-4D39-B4E8-1A2B19D3C78A} = {9E009B8A-BE96-4824-BBEA-4CC0CA13C4FC}
		{81BE31F2-33B0-4E59-98EA-DED9424F7014} = {9E009B8A-BE96-4824-BBEA-4CC0CA13C4FC}
		{D8B36641-7B4A-4BE2-BFDD-B4E320D9BDE4} = {9E009B8A-BE96-4824-BBEA-4CC0CA13C4FC}
		{9454CE50-BDF3-496E-8C8E-FE0B18C91975} = {9E009B8A-BE96-4824-BBEA-4CC0CA13C4FC}
		{A74D1F5D-F821-4AAE-83E0-36558D6FA401} = {9E009B8A-BE96-4824-BBEA-4CC0CA13C4FC}
		{7518EF7B-57D8-4D18-A2B5-F06DE938139E} = {9E009B8A-BE96-4824-BBEA-4CC0CA13C4FC}
		{2339885E-671C-4605-A537-D67FAD5FFBD8} = {9E009B8A-BE96-4824-BBEA-4CC0CA13C4FC}
	EndGlobalSection
	GlobalSection(ExtensibilityGlobals) = postSolution
		SolutionGuid = {5E6D9B10-AA5C-45F6-A8F2-3C896718F3A6}
	EndGlobalSection
EndGlobal
