
Microsoft Visual Studio Solution File, Format Version 12.00
# Visual Studio Version 17
VisualStudioVersion = 17.3.32901.215
MinimumVisualStudioVersion = 10.0.40219.1
Project("{2150E333-8FDC-42A3-9474-1A3956D46DE8}") = "src", "src", "{79968845-C170-45B7-AEFC-0D5BFA3DD64B}"
EndProject
Project("{2150E333-8FDC-42A3-9474-1A3956D46DE8}") = "WeChat", "WeChat", "{7B4B397B-5C6A-458F-8122-D56F78E69DDC}"
EndProject
Project("{9A19103F-16F7-4668-BE54-9A1E7A4F7556}") = "MauiBinding.WeChat.Android", "src\WeChat\MauiBinding.WeChat.Android\MauiBinding.WeChat.Android.csproj", "{7CBEDF77-DDFC-4FE8-88F3-34588BE5424D}"
EndProject
Project("{2150E333-8FDC-42A3-9474-1A3956D46DE8}") = "AliPay", "AliPay", "{412151D4-D4A5-4E07-A886-23AA748B9A22}"
EndProject
Project("{9A19103F-16F7-4668-BE54-9A1E7A4F7556}") = "MauiBinding.AliPay.Android", "src\AliPay\MauiBinding.AliPay.Android\MauiBinding.AliPay.Android.csproj", "{9D7674BC-055A-46D0-8EAA-A8720B1FD0D2}"
EndProject
Project("{2150E333-8FDC-42A3-9474-1A3956D46DE8}") = "AMap", "AMap", "{C653E986-E8DB-4690-9CD1-0FDB9B151DD7}"
EndProject
Project("{9A19103F-16F7-4668-BE54-9A1E7A4F7556}") = "MauiBinding.AMap.3D.Android", "src\AMap\MauiBinding.AMap.3D.Android\MauiBinding.AMap.3D.Android.csproj", "{CB49F916-21D0-4740-81FE-EA661A504EE1}"
EndProject
Project("{9A19103F-16F7-4668-BE54-9A1E7A4F7556}") = "MauiBinding.AMap.2D.Android", "src\AMap\MauiBinding.AMap.2D.Android\MauiBinding.AMap.2D.Android.csproj", "{DCACD572-96D4-4000-94AE-9B80B87D8D74}"
EndProject
Project("{9A19103F-16F7-4668-BE54-9A1E7A4F7556}") = "MauiBinding.AMap.Lite.Android", "src\AMap\MauiBinding.AMap.Lite.Android\MauiBinding.AMap.Lite.Android.csproj", "{3652DCEE-11DA-47EB-9C5F-F46091103960}"
EndProject
Project("{9A19103F-16F7-4668-BE54-9A1E7A4F7556}") = "MauiBinding.AMap.Navi.Android", "src\AMap\MauiBinding.AMap.Navi.Android\MauiBinding.AMap.Navi.Android.csproj", "{66501B6A-6032-4F6E-8A82-54BA978D3ADD}"
EndProject
Project("{9A19103F-16F7-4668-BE54-9A1E7A4F7556}") = "MauiBinding.AMap.Location.Android", "src\AMap\MauiBinding.AMap.Location.Android\MauiBinding.AMap.Location.Android.csproj", "{46C3F324-0B95-435A-8465-BD093E0E5E42}"
EndProject
Project("{9A19103F-16F7-4668-BE54-9A1E7A4F7556}") = "MauiBinding.AMap.Track.Android", "src\AMap\MauiBinding.AMap.Track.Android\MauiBinding.AMap.Track.Android.csproj", "{14034089-17AB-493E-B73D-0A1E60BD9DC4}"
EndProject
Project("{2150E333-8FDC-42A3-9474-1A3956D46DE8}") = "BaiduMap", "BaiduMap", "{490CDFF3-A374-479B-BFBB-947EBFE799C3}"
EndProject
Project("{9A19103F-16F7-4668-BE54-9A1E7A4F7556}") = "MauiBinding.BaiduMap.Map.Android", "src\BaiduMap\MauiBinding.BaiduMap.Map.Android\MauiBinding.BaiduMap.Map.Android.csproj", "{7A580DE2-4431-45D5-B1C1-D4D9AADC05ED}"
EndProject
Project("{9A19103F-16F7-4668-BE54-9A1E7A4F7556}") = "MauiBinding.BaiduMap.Search.Android", "src\BaiduMap\MauiBinding.BaiduMap.Search.Android\MauiBinding.BaiduMap.Search.Android.csproj", "{38198E71-ECB2-4982-9B17-875C35DD6B8D}"
EndProject
Project("{9A19103F-16F7-4668-BE54-9A1E7A4F7556}") = "MauiBinding.BaiduMap.Util.Android", "src\BaiduMap\MauiBinding.BaiduMap.Util.Android\MauiBinding.BaiduMap.Util.Android.csproj", "{2E98FEE6-B667-4EA6-BD43-99C63EB80763}"
EndProject
Project("{9A19103F-16F7-4668-BE54-9A1E7A4F7556}") = "MauiBinding.BaiduMap.MapBWNavi.Android", "src\BaiduMap\MauiBinding.BaiduMap.MapBWNavi.Android\MauiBinding.BaiduMap.MapBWNavi.Android.csproj", "{5199592A-0C95-4B7E-A819-BE91E9C82E35}"
EndProject
Project("{9A19103F-16F7-4668-BE54-9A1E7A4F7556}") = "MauiBinding.BaiduMap.Location.Android", "src\BaiduMap\MauiBinding.BaiduMap.Location.Android\MauiBinding.BaiduMap.Location.Android.csproj", "{B03A3799-50B9-419C-86DD-D789B79D5C9D}"
EndProject
Project("{9A19103F-16F7-4668-BE54-9A1E7A4F7556}") = "MauiBinding.BaiduMap.LocationAll.Android", "src\BaiduMap\MauiBinding.BaiduMap.LocationAll.Android\MauiBinding.BaiduMap.LocationAll.Android.csproj", "{7A166DB2-E4AF-4B3F-AA8C-3C6708DE88EC}"
EndProject
Project("{9A19103F-16F7-4668-BE54-9A1E7A4F7556}") = "MauiBinding.BaiduMap.MapNavi.Android", "src\BaiduMap\MauiBinding.BaiduMap.MapNavi.Android\MauiBinding.BaiduMap.MapNavi.Android.csproj", "{18043017-07D0-4731-A085-50669C1EE1C5}"
EndProject
Project("{9A19103F-16F7-4668-BE54-9A1E7A4F7556}") = "MauiBinding.BaiduMap.MapAllNavi.Android", "src\BaiduMap\MauiBinding.BaiduMap.MapAllNavi.Android\MauiBinding.BaiduMap.MapAllNavi.Android.csproj", "{CF3B016A-EF7D-4E93-978F-C07D7A49A5E9}"
EndProject
Project("{9A19103F-16F7-4668-BE54-9A1E7A4F7556}") = "MauiBinding.BaiduMap.NaviTts.Android", "src\BaiduMap\MauiBinding.BaiduMap.NaviTts.Android\MauiBinding.BaiduMap.NaviTts.Android.csproj", "{B719D7B2-72B8-43A1-92E8-AA38AF9CCDE2}"
EndProject
Project("{2150E333-8FDC-42A3-9474-1A3956D46DE8}") = "EasyFloat", "EasyFloat", "{D690A98D-BBE6-42A5-93D7-F9538357C5B8}"
EndProject
Project("{9A19103F-16F7-4668-BE54-9A1E7A4F7556}") = "MauiBinding.EasyFloat.Android", "src\EasyFloat\MauiBinding.EasyFloat.Android\MauiBinding.EasyFloat.Android.csproj", "{0EF8F35B-A380-43F8-89B4-457393331CC3}"
EndProject
Project("{2150E333-8FDC-42A3-9474-1A3956D46DE8}") = "Ezviz", "Ezviz", "{26CB259E-A730-4090-AC51-DA7BD789C058}"
EndProject
Project("{9A19103F-16F7-4668-BE54-9A1E7A4F7556}") = "MauiBinding.Android.Ezviz.SDK", "src\Ezviz\MauiBinding.Android.Ezviz.SDK\MauiBinding.Android.Ezviz.SDK.csproj", "{6CDBC782-60A5-4820-AFD8-CE5FC6ADFD8D}"
EndProject
Project("{9A19103F-16F7-4668-BE54-9A1E7A4F7556}") = "MauiBinding.Android.Ezviz.VideoTalk", "src\Ezviz\MauiBinding.Android.Ezviz.VideoTalk\MauiBinding.Android.Ezviz.VideoTalk.csproj", "{8D0B51FF-DC63-4BD9-B0B0-62645727781B}"
EndProject
Project("{9A19103F-16F7-4668-BE54-9A1E7A4F7556}") = "MauiBinding.Android.Ezviz.StreamCtrl", "src\Ezviz\MauiBinding.Android.Ezviz.StreamCtrl\MauiBinding.Android.Ezviz.StreamCtrl.csproj", "{3D558305-8EA4-4528-8BE8-7311D21B6441}"
EndProject
Project("{2150E333-8FDC-42A3-9474-1A3956D46DE8}") = "ToastUtils", "ToastUtils", "{67C97949-B28B-4138-AFDA-AE057760F38E}"
EndProject
Project("{FAE04EC0-301F-11D3-BF4B-00C04F79EFBC}") = "MauiBinding.Android.ToastUtils", "src\ToastUtils\MauiBinding.Android.ToastUtils\MauiBinding.Android.ToastUtils.csproj", "{4F863110-21F5-4822-888A-0274B50CF023}"
EndProject
Global
	GlobalSection(SolutionConfigurationPlatforms) = preSolution
		Debug|Any CPU = Debug|Any CPU
		Release|Any CPU = Release|Any CPU
	EndGlobalSection
	GlobalSection(ProjectConfigurationPlatforms) = postSolution
		{7CBEDF77-DDFC-4FE8-88F3-34588BE5424D}.Debug|Any CPU.ActiveCfg = Debug|Any CPU
		{7CBEDF77-DDFC-4FE8-88F3-34588BE5424D}.Debug|Any CPU.Build.0 = Debug|Any CPU
		{7CBEDF77-DDFC-4FE8-88F3-34588BE5424D}.Release|Any CPU.ActiveCfg = Release|Any CPU
		{7CBEDF77-DDFC-4FE8-88F3-34588BE5424D}.Release|Any CPU.Build.0 = Release|Any CPU
		{9D7674BC-055A-46D0-8EAA-A8720B1FD0D2}.Debug|Any CPU.ActiveCfg = Debug|Any CPU
		{9D7674BC-055A-46D0-8EAA-A8720B1FD0D2}.Debug|Any CPU.Build.0 = Debug|Any CPU
		{9D7674BC-055A-46D0-8EAA-A8720B1FD0D2}.Release|Any CPU.ActiveCfg = Release|Any CPU
		{9D7674BC-055A-46D0-8EAA-A8720B1FD0D2}.Release|Any CPU.Build.0 = Release|Any CPU
		{CB49F916-21D0-4740-81FE-EA661A504EE1}.Debug|Any CPU.ActiveCfg = Debug|Any CPU
		{CB49F916-21D0-4740-81FE-EA661A504EE1}.Debug|Any CPU.Build.0 = Debug|Any CPU
		{CB49F916-21D0-4740-81FE-EA661A504EE1}.Release|Any CPU.ActiveCfg = Release|Any CPU
		{CB49F916-21D0-4740-81FE-EA661A504EE1}.Release|Any CPU.Build.0 = Release|Any CPU
		{DCACD572-96D4-4000-94AE-9B80B87D8D74}.Debug|Any CPU.ActiveCfg = Debug|Any CPU
		{DCACD572-96D4-4000-94AE-9B80B87D8D74}.Debug|Any CPU.Build.0 = Debug|Any CPU
		{DCACD572-96D4-4000-94AE-9B80B87D8D74}.Release|Any CPU.ActiveCfg = Release|Any CPU
		{DCACD572-96D4-4000-94AE-9B80B87D8D74}.Release|Any CPU.Build.0 = Release|Any CPU
		{3652DCEE-11DA-47EB-9C5F-F46091103960}.Debug|Any CPU.ActiveCfg = Debug|Any CPU
		{3652DCEE-11DA-47EB-9C5F-F46091103960}.Debug|Any CPU.Build.0 = Debug|Any CPU
		{3652DCEE-11DA-47EB-9C5F-F46091103960}.Release|Any CPU.ActiveCfg = Release|Any CPU
		{3652DCEE-11DA-47EB-9C5F-F46091103960}.Release|Any CPU.Build.0 = Release|Any CPU
		{66501B6A-6032-4F6E-8A82-54BA978D3ADD}.Debug|Any CPU.ActiveCfg = Debug|Any CPU
		{66501B6A-6032-4F6E-8A82-54BA978D3ADD}.Debug|Any CPU.Build.0 = Debug|Any CPU
		{66501B6A-6032-4F6E-8A82-54BA978D3ADD}.Release|Any CPU.ActiveCfg = Release|Any CPU
		{66501B6A-6032-4F6E-8A82-54BA978D3ADD}.Release|Any CPU.Build.0 = Release|Any CPU
		{46C3F324-0B95-435A-8465-BD093E0E5E42}.Debug|Any CPU.ActiveCfg = Debug|Any CPU
		{46C3F324-0B95-435A-8465-BD093E0E5E42}.Debug|Any CPU.Build.0 = Debug|Any CPU
		{46C3F324-0B95-435A-8465-BD093E0E5E42}.Release|Any CPU.ActiveCfg = Release|Any CPU
		{46C3F324-0B95-435A-8465-BD093E0E5E42}.Release|Any CPU.Build.0 = Release|Any CPU
		{14034089-17AB-493E-B73D-0A1E60BD9DC4}.Debug|Any CPU.ActiveCfg = Debug|Any CPU
		{14034089-17AB-493E-B73D-0A1E60BD9DC4}.Debug|Any CPU.Build.0 = Debug|Any CPU
		{14034089-17AB-493E-B73D-0A1E60BD9DC4}.Release|Any CPU.ActiveCfg = Release|Any CPU
		{14034089-17AB-493E-B73D-0A1E60BD9DC4}.Release|Any CPU.Build.0 = Release|Any CPU
		{7A580DE2-4431-45D5-B1C1-D4D9AADC05ED}.Debug|Any CPU.ActiveCfg = Debug|Any CPU
		{7A580DE2-4431-45D5-B1C1-D4D9AADC05ED}.Debug|Any CPU.Build.0 = Debug|Any CPU
		{7A580DE2-4431-45D5-B1C1-D4D9AADC05ED}.Release|Any CPU.ActiveCfg = Release|Any CPU
		{7A580DE2-4431-45D5-B1C1-D4D9AADC05ED}.Release|Any CPU.Build.0 = Release|Any CPU
		{38198E71-ECB2-4982-9B17-875C35DD6B8D}.Debug|Any CPU.ActiveCfg = Debug|Any CPU
		{38198E71-ECB2-4982-9B17-875C35DD6B8D}.Debug|Any CPU.Build.0 = Debug|Any CPU
		{38198E71-ECB2-4982-9B17-875C35DD6B8D}.Release|Any CPU.ActiveCfg = Release|Any CPU
		{38198E71-ECB2-4982-9B17-875C35DD6B8D}.Release|Any CPU.Build.0 = Release|Any CPU
		{2E98FEE6-B667-4EA6-BD43-99C63EB80763}.Debug|Any CPU.ActiveCfg = Debug|Any CPU
		{2E98FEE6-B667-4EA6-BD43-99C63EB80763}.Debug|Any CPU.Build.0 = Debug|Any CPU
		{2E98FEE6-B667-4EA6-BD43-99C63EB80763}.Release|Any CPU.ActiveCfg = Release|Any CPU
		{2E98FEE6-B667-4EA6-BD43-99C63EB80763}.Release|Any CPU.Build.0 = Release|Any CPU
		{5199592A-0C95-4B7E-A819-BE91E9C82E35}.Debug|Any CPU.ActiveCfg = Debug|Any CPU
		{5199592A-0C95-4B7E-A819-BE91E9C82E35}.Debug|Any CPU.Build.0 = Debug|Any CPU
		{5199592A-0C95-4B7E-A819-BE91E9C82E35}.Release|Any CPU.ActiveCfg = Release|Any CPU
		{5199592A-0C95-4B7E-A819-BE91E9C82E35}.Release|Any CPU.Build.0 = Release|Any CPU
		{B03A3799-50B9-419C-86DD-D789B79D5C9D}.Debug|Any CPU.ActiveCfg = Debug|Any CPU
		{B03A3799-50B9-419C-86DD-D789B79D5C9D}.Debug|Any CPU.Build.0 = Debug|Any CPU
		{B03A3799-50B9-419C-86DD-D789B79D5C9D}.Release|Any CPU.ActiveCfg = Release|Any CPU
		{B03A3799-50B9-419C-86DD-D789B79D5C9D}.Release|Any CPU.Build.0 = Release|Any CPU
		{7A166DB2-E4AF-4B3F-AA8C-3C6708DE88EC}.Debug|Any CPU.ActiveCfg = Debug|Any CPU
		{7A166DB2-E4AF-4B3F-AA8C-3C6708DE88EC}.Debug|Any CPU.Build.0 = Debug|Any CPU
		{7A166DB2-E4AF-4B3F-AA8C-3C6708DE88EC}.Release|Any CPU.ActiveCfg = Release|Any CPU
		{7A166DB2-E4AF-4B3F-AA8C-3C6708DE88EC}.Release|Any CPU.Build.0 = Release|Any CPU
		{18043017-07D0-4731-A085-50669C1EE1C5}.Debug|Any CPU.ActiveCfg = Debug|Any CPU
		{18043017-07D0-4731-A085-50669C1EE1C5}.Debug|Any CPU.Build.0 = Debug|Any CPU
		{18043017-07D0-4731-A085-50669C1EE1C5}.Release|Any CPU.ActiveCfg = Release|Any CPU
		{18043017-07D0-4731-A085-50669C1EE1C5}.Release|Any CPU.Build.0 = Release|Any CPU
		{CF3B016A-EF7D-4E93-978F-C07D7A49A5E9}.Debug|Any CPU.ActiveCfg = Debug|Any CPU
		{CF3B016A-EF7D-4E93-978F-C07D7A49A5E9}.Debug|Any CPU.Build.0 = Debug|Any CPU
		{CF3B016A-EF7D-4E93-978F-C07D7A49A5E9}.Release|Any CPU.ActiveCfg = Release|Any CPU
		{CF3B016A-EF7D-4E93-978F-C07D7A49A5E9}.Release|Any CPU.Build.0 = Release|Any CPU
		{B719D7B2-72B8-43A1-92E8-AA38AF9CCDE2}.Debug|Any CPU.ActiveCfg = Debug|Any CPU
		{B719D7B2-72B8-43A1-92E8-AA38AF9CCDE2}.Debug|Any CPU.Build.0 = Debug|Any CPU
		{B719D7B2-72B8-43A1-92E8-AA38AF9CCDE2}.Release|Any CPU.ActiveCfg = Release|Any CPU
		{B719D7B2-72B8-43A1-92E8-AA38AF9CCDE2}.Release|Any CPU.Build.0 = Release|Any CPU
		{0EF8F35B-A380-43F8-89B4-457393331CC3}.Debug|Any CPU.ActiveCfg = Debug|Any CPU
		{0EF8F35B-A380-43F8-89B4-457393331CC3}.Debug|Any CPU.Build.0 = Debug|Any CPU
		{0EF8F35B-A380-43F8-89B4-457393331CC3}.Release|Any CPU.ActiveCfg = Release|Any CPU
		{0EF8F35B-A380-43F8-89B4-457393331CC3}.Release|Any CPU.Build.0 = Release|Any CPU
		{6CDBC782-60A5-4820-AFD8-CE5FC6ADFD8D}.Debug|Any CPU.ActiveCfg = Debug|Any CPU
		{6CDBC782-60A5-4820-AFD8-CE5FC6ADFD8D}.Debug|Any CPU.Build.0 = Debug|Any CPU
		{6CDBC782-60A5-4820-AFD8-CE5FC6ADFD8D}.Release|Any CPU.ActiveCfg = Release|Any CPU
		{6CDBC782-60A5-4820-AFD8-CE5FC6ADFD8D}.Release|Any CPU.Build.0 = Release|Any CPU
		{8D0B51FF-DC63-4BD9-B0B0-62645727781B}.Debug|Any CPU.ActiveCfg = Debug|Any CPU
		{8D0B51FF-DC63-4BD9-B0B0-62645727781B}.Debug|Any CPU.Build.0 = Debug|Any CPU
		{8D0B51FF-DC63-4BD9-B0B0-62645727781B}.Release|Any CPU.ActiveCfg = Release|Any CPU
		{8D0B51FF-DC63-4BD9-B0B0-62645727781B}.Release|Any CPU.Build.0 = Release|Any CPU
		{3D558305-8EA4-4528-8BE8-7311D21B6441}.Debug|Any CPU.ActiveCfg = Debug|Any CPU
		{3D558305-8EA4-4528-8BE8-7311D21B6441}.Debug|Any CPU.Build.0 = Debug|Any CPU
		{3D558305-8EA4-4528-8BE8-7311D21B6441}.Release|Any CPU.ActiveCfg = Release|Any CPU
		{3D558305-8EA4-4528-8BE8-7311D21B6441}.Release|Any CPU.Build.0 = Release|Any CPU
		{4F863110-21F5-4822-888A-0274B50CF023}.Debug|Any CPU.ActiveCfg = Debug|Any CPU
		{4F863110-21F5-4822-888A-0274B50CF023}.Debug|Any CPU.Build.0 = Debug|Any CPU
		{4F863110-21F5-4822-888A-0274B50CF023}.Release|Any CPU.ActiveCfg = Release|Any CPU
		{4F863110-21F5-4822-888A-0274B50CF023}.Release|Any CPU.Build.0 = Release|Any CPU
	EndGlobalSection
	GlobalSection(SolutionProperties) = preSolution
		HideSolutionNode = FALSE
	EndGlobalSection
	GlobalSection(NestedProjects) = preSolution
		{7B4B397B-5C6A-458F-8122-D56F78E69DDC} = {79968845-C170-45B7-AEFC-0D5BFA3DD64B}
		{7CBEDF77-DDFC-4FE8-88F3-34588BE5424D} = {7B4B397B-5C6A-458F-8122-D56F78E69DDC}
		{412151D4-D4A5-4E07-A886-23AA748B9A22} = {79968845-C170-45B7-AEFC-0D5BFA3DD64B}
		{9D7674BC-055A-46D0-8EAA-A8720B1FD0D2} = {412151D4-D4A5-4E07-A886-23AA748B9A22}
		{C653E986-E8DB-4690-9CD1-0FDB9B151DD7} = {79968845-C170-45B7-AEFC-0D5BFA3DD64B}
		{CB49F916-21D0-4740-81FE-EA661A504EE1} = {C653E986-E8DB-4690-9CD1-0FDB9B151DD7}
		{DCACD572-96D4-4000-94AE-9B80B87D8D74} = {C653E986-E8DB-4690-9CD1-0FDB9B151DD7}
		{3652DCEE-11DA-47EB-9C5F-F46091103960} = {C653E986-E8DB-4690-9CD1-0FDB9B151DD7}
		{66501B6A-6032-4F6E-8A82-54BA978D3ADD} = {C653E986-E8DB-4690-9CD1-0FDB9B151DD7}
		{46C3F324-0B95-435A-8465-BD093E0E5E42} = {C653E986-E8DB-4690-9CD1-0FDB9B151DD7}
		{14034089-17AB-493E-B73D-0A1E60BD9DC4} = {C653E986-E8DB-4690-9CD1-0FDB9B151DD7}
		{490CDFF3-A374-479B-BFBB-947EBFE799C3} = {79968845-C170-45B7-AEFC-0D5BFA3DD64B}
		{7A580DE2-4431-45D5-B1C1-D4D9AADC05ED} = {490CDFF3-A374-479B-BFBB-947EBFE799C3}
		{38198E71-ECB2-4982-9B17-875C35DD6B8D} = {490CDFF3-A374-479B-BFBB-947EBFE799C3}
		{2E98FEE6-B667-4EA6-BD43-99C63EB80763} = {490CDFF3-A374-479B-BFBB-947EBFE799C3}
		{5199592A-0C95-4B7E-A819-BE91E9C82E35} = {490CDFF3-A374-479B-BFBB-947EBFE799C3}
		{B03A3799-50B9-419C-86DD-D789B79D5C9D} = {490CDFF3-A374-479B-BFBB-947EBFE799C3}
		{7A166DB2-E4AF-4B3F-AA8C-3C6708DE88EC} = {490CDFF3-A374-479B-BFBB-947EBFE799C3}
		{18043017-07D0-4731-A085-50669C1EE1C5} = {490CDFF3-A374-479B-BFBB-947EBFE799C3}
		{CF3B016A-EF7D-4E93-978F-C07D7A49A5E9} = {490CDFF3-A374-479B-BFBB-947EBFE799C3}
		{B719D7B2-72B8-43A1-92E8-AA38AF9CCDE2} = {490CDFF3-A374-479B-BFBB-947EBFE799C3}
		{D690A98D-BBE6-42A5-93D7-F9538357C5B8} = {79968845-C170-45B7-AEFC-0D5BFA3DD64B}
		{0EF8F35B-A380-43F8-89B4-457393331CC3} = {D690A98D-BBE6-42A5-93D7-F9538357C5B8}
		{26CB259E-A730-4090-AC51-DA7BD789C058} = {79968845-C170-45B7-AEFC-0D5BFA3DD64B}
		{6CDBC782-60A5-4820-AFD8-CE5FC6ADFD8D} = {26CB259E-A730-4090-AC51-DA7BD789C058}
		{8D0B51FF-DC63-4BD9-B0B0-62645727781B} = {26CB259E-A730-4090-AC51-DA7BD789C058}
		{3D558305-8EA4-4528-8BE8-7311D21B6441} = {26CB259E-A730-4090-AC51-DA7BD789C058}
		{67C97949-B28B-4138-AFDA-AE057760F38E} = {79968845-C170-45B7-AEFC-0D5BFA3DD64B}
		{4F863110-21F5-4822-888A-0274B50CF023} = {67C97949-B28B-4138-AFDA-AE057760F38E}
	EndGlobalSection
	GlobalSection(ExtensibilityGlobals) = postSolution
		SolutionGuid = {5E6D9B10-AA5C-45F6-A8F2-3C896718F3A6}
	EndGlobalSection
EndGlobal
