
Microsoft Visual Studio Solution File, Format Version 12.00
# Visual Studio Version 17
VisualStudioVersion = 17.3.32901.215
MinimumVisualStudioVersion = 10.0.40219.1
Project("{2150E333-8FDC-42A3-9474-1A3956D46DE8}") = "src", "src", "{79968845-C170-45B7-AEFC-0D5BFA3DD64B}"
EndProject
Project("{2150E333-8FDC-42A3-9474-1A3956D46DE8}") = "WeChat", "WeChat", "{7B4B397B-5C6A-458F-8122-D56F78E69DDC}"
EndProject
Project("{9A19103F-16F7-4668-BE54-9A1E7A4F7556}") = "MauiBinding.WeChat.Android", "src\WeChat\MauiBinding.WeChat.Android\MauiBinding.WeChat.Android.csproj", "{7CBEDF77-DDFC-4FE8-88F3-34588BE5424D}"
EndProject
Project("{2150E333-8FDC-42A3-9474-1A3956D46DE8}") = "AliPay", "AliPay", "{412151D4-D4A5-4E07-A886-23AA748B9A22}"
EndProject
Project("{9A19103F-16F7-4668-BE54-9A1E7A4F7556}") = "MauiBinding.AliPay.Android", "src\AliPay\MauiBinding.AliPay.Android\MauiBinding.AliPay.Android.csproj", "{9D7674BC-055A-46D0-8EAA-A8720B1FD0D2}"
EndProject
Project("{2150E333-8FDC-42A3-9474-1A3956D46DE8}") = "AMap", "AMap", "{C653E986-E8DB-4690-9CD1-0FDB9B151DD7}"
EndProject
Project("{9A19103F-16F7-4668-BE54-9A1E7A4F7556}") = "MauiBinding.AMap.3D.Android", "src\AMap\MauiBinding.AMap.3D.Android\MauiBinding.AMap.3D.Android.csproj", "{CB49F916-21D0-4740-81FE-EA661A504EE1}"
EndProject
Project("{9A19103F-16F7-4668-BE54-9A1E7A4F7556}") = "MauiBinding.AMap.2D.Android", "src\AMap\MauiBinding.AMap.2D.Android\MauiBinding.AMap.2D.Android.csproj", "{DCACD572-96D4-4000-94AE-9B80B87D8D74}"
EndProject
Project("{9A19103F-16F7-4668-BE54-9A1E7A4F7556}") = "MauiBinding.AMap.Lite.Android", "src\AMap\MauiBinding.AMap.Lite.Android\MauiBinding.AMap.Lite.Android.csproj", "{3652DCEE-11DA-47EB-9C5F-F46091103960}"
EndProject
Project("{9A19103F-16F7-4668-BE54-9A1E7A4F7556}") = "MauiBinding.AMap.Navi.Android", "src\AMap\MauiBinding.AMap.Navi.Android\MauiBinding.AMap.Navi.Android.csproj", "{66501B6A-6032-4F6E-8A82-54BA978D3ADD}"
EndProject
Project("{9A19103F-16F7-4668-BE54-9A1E7A4F7556}") = "MauiBinding.AMap.Location.Android", "src\AMap\MauiBinding.AMap.Location.Android\MauiBinding.AMap.Location.Android.csproj", "{46C3F324-0B95-435A-8465-BD093E0E5E42}"
EndProject
Project("{9A19103F-16F7-4668-BE54-9A1E7A4F7556}") = "MauiBinding.AMap.Track.Android", "src\AMap\MauiBinding.AMap.Track.Android\MauiBinding.AMap.Track.Android.csproj", "{14034089-17AB-493E-B73D-0A1E60BD9DC4}"
EndProject
Project("{2150E333-8FDC-42A3-9474-1A3956D46DE8}") = "BaiduMap", "BaiduMap", "{490CDFF3-A374-479B-BFBB-947EBFE799C3}"
EndProject
Project("{9A19103F-16F7-4668-BE54-9A1E7A4F7556}") = "MauiBinding.BaiduMap.Map.Android", "src\BaiduMap\MauiBinding.BaiduMap.Map.Android\MauiBinding.BaiduMap.Map.Android.csproj", "{7A580DE2-4431-45D5-B1C1-D4D9AADC05ED}"
EndProject
Project("{9A19103F-16F7-4668-BE54-9A1E7A4F7556}") = "MauiBinding.BaiduMap.Search.Android", "src\BaiduMap\MauiBinding.BaiduMap.Search.Android\MauiBinding.BaiduMap.Search.Android.csproj", "{38198E71-ECB2-4982-9B17-875C35DD6B8D}"
EndProject
Project("{9A19103F-16F7-4668-BE54-9A1E7A4F7556}") = "MauiBinding.BaiduMap.Util.Android", "src\BaiduMap\MauiBinding.BaiduMap.Util.Android\MauiBinding.BaiduMap.Util.Android.csproj", "{2E98FEE6-B667-4EA6-BD43-99C63EB80763}"
EndProject
Project("{9A19103F-16F7-4668-BE54-9A1E7A4F7556}") = "MauiBinding.BaiduMap.MapBWNavi.Android", "src\BaiduMap\MauiBinding.BaiduMap.MapBWNavi.Android\MauiBinding.BaiduMap.MapBWNavi.Android.csproj", "{5199592A-0C95-4B7E-A819-BE91E9C82E35}"
EndProject
Project("{9A19103F-16F7-4668-BE54-9A1E7A4F7556}") = "MauiBinding.BaiduMap.Location.Android", "src\BaiduMap\MauiBinding.BaiduMap.Location.Android\MauiBinding.BaiduMap.Location.Android.csproj", "{B03A3799-50B9-419C-86DD-D789B79D5C9D}"
EndProject
Project("{9A19103F-16F7-4668-BE54-9A1E7A4F7556}") = "MauiBinding.BaiduMap.LocationAll.Android", "src\BaiduMap\MauiBinding.BaiduMap.LocationAll.Android\MauiBinding.BaiduMap.LocationAll.Android.csproj", "{7A166DB2-E4AF-4B3F-AA8C-3C6708DE88EC}"
EndProject
Project("{9A19103F-16F7-4668-BE54-9A1E7A4F7556}") = "MauiBinding.BaiduMap.MapNavi.Android", "src\BaiduMap\MauiBinding.BaiduMap.MapNavi.Android\MauiBinding.BaiduMap.MapNavi.Android.csproj", "{18043017-07D0-4731-A085-50669C1EE1C5}"
EndProject
Project("{9A19103F-16F7-4668-BE54-9A1E7A4F7556}") = "MauiBinding.BaiduMap.MapAllNavi.Android", "src\BaiduMap\MauiBinding.BaiduMap.MapAllNavi.Android\MauiBinding.BaiduMap.MapAllNavi.Android.csproj", "{CF3B016A-EF7D-4E93-978F-C07D7A49A5E9}"
EndProject
Project("{9A19103F-16F7-4668-BE54-9A1E7A4F7556}") = "MauiBinding.BaiduMap.NaviTts.Android", "src\BaiduMap\MauiBinding.BaiduMap.NaviTts.Android\MauiBinding.BaiduMap.NaviTts.Android.csproj", "{B719D7B2-72B8-43A1-92E8-AA38AF9CCDE2}"
EndProject
Project("{2150E333-8FDC-42A3-9474-1A3956D46DE8}") = "EasyFloat", "EasyFloat", "{D690A98D-BBE6-42A5-93D7-F9538357C5B8}"
EndProject
Project("{9A19103F-16F7-4668-BE54-9A1E7A4F7556}") = "MauiBinding.EasyFloat.Android", "src\EasyFloat\MauiBinding.EasyFloat.Android\MauiBinding.EasyFloat.Android.csproj", "{0EF8F35B-A380-43F8-89B4-457393331CC3}"
EndProject
Project("{2150E333-8FDC-42A3-9474-1A3956D46DE8}") = "Ezviz", "Ezviz", "{26CB259E-A730-4090-AC51-DA7BD789C058}"
EndProject
Project("{9A19103F-16F7-4668-BE54-9A1E7A4F7556}") = "MauiBinding.Android.Ezviz.SDK", "src\Ezviz\MauiBinding.Android.Ezviz.SDK\MauiBinding.Android.Ezviz.SDK.csproj", "{6CDBC782-60A5-4820-AFD8-CE5FC6ADFD8D}"
EndProject
Project("{9A19103F-16F7-4668-BE54-9A1E7A4F7556}") = "MauiBinding.Android.Ezviz.VideoTalk", "src\Ezviz\MauiBinding.Android.Ezviz.VideoTalk\MauiBinding.Android.Ezviz.VideoTalk.csproj", "{8D0B51FF-DC63-4BD9-B0B0-62645727781B}"
EndProject
Project("{9A19103F-16F7-4668-BE54-9A1E7A4F7556}") = "MauiBinding.Android.Ezviz.StreamCtrl", "src\Ezviz\MauiBinding.Android.Ezviz.StreamCtrl\MauiBinding.Android.Ezviz.StreamCtrl.csproj", "{3D558305-8EA4-4528-8BE8-7311D21B6441}"
EndProject
Project("{2150E333-8FDC-42A3-9474-1A3956D46DE8}") = "Toaster", "Toaster", "{67C97949-B28B-4138-AFDA-AE057760F38E}"
EndProject
Project("{2150E333-8FDC-42A3-9474-1A3956D46DE8}") = "Jiguang", "Jiguang", "{D90C3D34-C53C-44EB-A0C5-2ECDFA3C2532}"
EndProject
Project("{9A19103F-16F7-4668-BE54-9A1E7A4F7556}") = "MauiBinding.Android.Jiguang.JCore", "src\Jiguang\MauiBinding.Android.Jiguang.JCore\MauiBinding.Android.Jiguang.JCore.csproj", "{212DBAD9-9B55-4632-B8B7-96D91E0FA49E}"
EndProject
Project("{9A19103F-16F7-4668-BE54-9A1E7A4F7556}") = "MauiBinding.Android.Jiguang.JPush", "src\Jiguang\MauiBinding.Android.Jiguang.JPush\MauiBinding.Android.Jiguang.JPush.csproj", "{F5993408-1884-408E-AA4C-692F38A9AA38}"
EndProject
Project("{2150E333-8FDC-42A3-9474-1A3956D46DE8}") = "Getui", "Getui", "{D727FC8A-25D8-4A53-A700-F67A93FA4046}"
EndProject
Project("{9A19103F-16F7-4668-BE54-9A1E7A4F7556}") = "Mauibinding.Android.Getui.Gtc", "src\Getui\Mauibinding.Android.Getui.Gtc\Mauibinding.Android.Getui.Gtc.csproj", "{622C9C01-2B23-4CF1-9296-0747FA0FAB15}"
EndProject
Project("{9A19103F-16F7-4668-BE54-9A1E7A4F7556}") = "Mauibinding.Android.Getui.GtSdk", "src\Getui\Mauibinding.Android.Getui.GtSdk\Mauibinding.Android.Getui.GtSdk.csproj", "{EABE58A4-CF6C-4C97-BEC8-181B7A130572}"
EndProject
Project("{2150E333-8FDC-42A3-9474-1A3956D46DE8}") = "HuaweiCloudMeeting", "HuaweiCloudMeeting", "{CA072166-FDD6-4BD7-80D3-E5854A0984EC}"
EndProject
Project("{9A19103F-16F7-4668-BE54-9A1E7A4F7556}") = "MauiBinding.Android.HuaweiCloudMeeting.HWMMobileConfUI", "src\HuaweiCloudMeeting\HWMMobileConfUI\MauiBinding.Android.HuaweiCloudMeeting.HWMMobileConfUI.csproj", "{2C028D5B-B5C7-4266-AD31-0AB7B6719667}"
EndProject
Project("{9A19103F-16F7-4668-BE54-9A1E7A4F7556}") = "MauiBinding.Android.HuaweiCloudMeeting.HWMCLink", "src\HuaweiCloudMeeting\MauiBinding.Android.HuaweiCloudMeeting.HWMCLink\MauiBinding.Android.HuaweiCloudMeeting.HWMCLink.csproj", "{9E198693-4FDE-45C5-B619-6E283B55B899}"
EndProject
Project("{9A19103F-16F7-4668-BE54-9A1E7A4F7556}") = "MauiBinding.Android.HuaweiCloudMeeting.HWMMobileCommonUI", "src\HuaweiCloudMeeting\MauiBinding.Android.HuaweiCloudMeeting.HWMMobileCommonUI\MauiBinding.Android.HuaweiCloudMeeting.HWMMobileCommonUI.csproj", "{DA8C2543-F58D-460A-AE54-E903E853DDC2}"
EndProject
Project("{9A19103F-16F7-4668-BE54-9A1E7A4F7556}") = "MauiBinding.Android.HuaweiCloudMeeting.HWMFoundation", "src\HuaweiCloudMeeting\MauiBinding.Android.HuaweiCloudMeeting.HWMFoundation\MauiBinding.Android.HuaweiCloudMeeting.HWMFoundation.csproj", "{FC00A4E2-2B86-4737-B2D1-63F8AD9D25E5}"
EndProject
Project("{9A19103F-16F7-4668-BE54-9A1E7A4F7556}") = "MauiBinding.Android.HuaweiCloudMeeting.HWMNativeSdk", "src\HuaweiCloudMeeting\MauiBinding.Android.HuaweiCloudMeeting.HWMNativeSdk\MauiBinding.Android.HuaweiCloudMeeting.HWMNativeSdk.csproj", "{C364B2A4-FCAD-45E2-A51F-CC82E057D969}"
EndProject
Project("{9A19103F-16F7-4668-BE54-9A1E7A4F7556}") = "MauiBinding.Android.HuaweiCloudMeeting.HWMPermission", "src\HuaweiCloudMeeting\MauiBinding.Android.HuaweiCloudMeeting.HWMPermission\MauiBinding.Android.HuaweiCloudMeeting.HWMPermission.csproj", "{9FF109E7-CB68-4034-B42C-5C846FF24732}"
EndProject
Project("{9A19103F-16F7-4668-BE54-9A1E7A4F7556}") = "MauiBinding.Android.HuaweiCloudMeeting.HWMUi", "src\HuaweiCloudMeeting\MauiBinding.Android.HuaweiCloudMeeting.HWMUi\MauiBinding.Android.HuaweiCloudMeeting.HWMUi.csproj", "{607D71D6-2D14-4AD0-B84C-B2CF06F89D93}"
EndProject
Project("{9A19103F-16F7-4668-BE54-9A1E7A4F7556}") = "MauiBinding.Android.HuaweiCloudMeeting.IM", "src\HuaweiCloudMeeting\MauiBinding.Android.HuaweiCloudMeeting.IM\MauiBinding.Android.HuaweiCloudMeeting.IM.csproj", "{D33D2BE2-02B0-4925-8CD0-58C6A5B3B09A}"
EndProject
Project("{9A19103F-16F7-4668-BE54-9A1E7A4F7556}") = "MauiBinding.Android.Toaster", "src\Toaster\MauiBinding.Android.Toaster\MauiBinding.Android.Toaster.csproj", "{E3380BF5-276A-423C-86B6-F249966A4DAF}"
EndProject
Project("{2150E333-8FDC-42A3-9474-1A3956D46DE8}") = "DialogX", "DialogX", "{C0E57AE3-F7B2-4B23-B610-585C59103E6E}"
EndProject
Project("{9A19103F-16F7-4668-BE54-9A1E7A4F7556}") = "MauiBinding.Android.DialogX.Interface", "src\DialogX\MauiBinding.Android.DialogX.Interface\MauiBinding.Android.DialogX.Interface.csproj", "{E6D5ED52-A2C3-4772-8E06-A6E4655A8FF3}"
EndProject
Project("{9A19103F-16F7-4668-BE54-9A1E7A4F7556}") = "MauiBinding.Android.DialogX", "src\DialogX\MauiBinding.Android.DialogX\MauiBinding.Android.DialogX.csproj", "{27DFA960-C88E-45E7-A560-01A634909106}"
EndProject
Global
	GlobalSection(SolutionConfigurationPlatforms) = preSolution
		Debug|Any CPU = Debug|Any CPU
		Release|Any CPU = Release|Any CPU
	EndGlobalSection
	GlobalSection(ProjectConfigurationPlatforms) = postSolution
		{7CBEDF77-DDFC-4FE8-88F3-34588BE5424D}.Debug|Any CPU.ActiveCfg = Debug|Any CPU
		{7CBEDF77-DDFC-4FE8-88F3-34588BE5424D}.Debug|Any CPU.Build.0 = Debug|Any CPU
		{7CBEDF77-DDFC-4FE8-88F3-34588BE5424D}.Release|Any CPU.ActiveCfg = Release|Any CPU
		{7CBEDF77-DDFC-4FE8-88F3-34588BE5424D}.Release|Any CPU.Build.0 = Release|Any CPU
		{9D7674BC-055A-46D0-8EAA-A8720B1FD0D2}.Debug|Any CPU.ActiveCfg = Debug|Any CPU
		{9D7674BC-055A-46D0-8EAA-A8720B1FD0D2}.Debug|Any CPU.Build.0 = Debug|Any CPU
		{9D7674BC-055A-46D0-8EAA-A8720B1FD0D2}.Release|Any CPU.ActiveCfg = Release|Any CPU
		{9D7674BC-055A-46D0-8EAA-A8720B1FD0D2}.Release|Any CPU.Build.0 = Release|Any CPU
		{CB49F916-21D0-4740-81FE-EA661A504EE1}.Debug|Any CPU.ActiveCfg = Debug|Any CPU
		{CB49F916-21D0-4740-81FE-EA661A504EE1}.Debug|Any CPU.Build.0 = Debug|Any CPU
		{CB49F916-21D0-4740-81FE-EA661A504EE1}.Release|Any CPU.ActiveCfg = Release|Any CPU
		{CB49F916-21D0-4740-81FE-EA661A504EE1}.Release|Any CPU.Build.0 = Release|Any CPU
		{DCACD572-96D4-4000-94AE-9B80B87D8D74}.Debug|Any CPU.ActiveCfg = Debug|Any CPU
		{DCACD572-96D4-4000-94AE-9B80B87D8D74}.Debug|Any CPU.Build.0 = Debug|Any CPU
		{DCACD572-96D4-4000-94AE-9B80B87D8D74}.Release|Any CPU.ActiveCfg = Release|Any CPU
		{DCACD572-96D4-4000-94AE-9B80B87D8D74}.Release|Any CPU.Build.0 = Release|Any CPU
		{3652DCEE-11DA-47EB-9C5F-F46091103960}.Debug|Any CPU.ActiveCfg = Debug|Any CPU
		{3652DCEE-11DA-47EB-9C5F-F46091103960}.Debug|Any CPU.Build.0 = Debug|Any CPU
		{3652DCEE-11DA-47EB-9C5F-F46091103960}.Release|Any CPU.ActiveCfg = Release|Any CPU
		{3652DCEE-11DA-47EB-9C5F-F46091103960}.Release|Any CPU.Build.0 = Release|Any CPU
		{66501B6A-6032-4F6E-8A82-54BA978D3ADD}.Debug|Any CPU.ActiveCfg = Debug|Any CPU
		{66501B6A-6032-4F6E-8A82-54BA978D3ADD}.Debug|Any CPU.Build.0 = Debug|Any CPU
		{66501B6A-6032-4F6E-8A82-54BA978D3ADD}.Release|Any CPU.ActiveCfg = Release|Any CPU
		{66501B6A-6032-4F6E-8A82-54BA978D3ADD}.Release|Any CPU.Build.0 = Release|Any CPU
		{46C3F324-0B95-435A-8465-BD093E0E5E42}.Debug|Any CPU.ActiveCfg = Debug|Any CPU
		{46C3F324-0B95-435A-8465-BD093E0E5E42}.Debug|Any CPU.Build.0 = Debug|Any CPU
		{46C3F324-0B95-435A-8465-BD093E0E5E42}.Release|Any CPU.ActiveCfg = Release|Any CPU
		{46C3F324-0B95-435A-8465-BD093E0E5E42}.Release|Any CPU.Build.0 = Release|Any CPU
		{14034089-17AB-493E-B73D-0A1E60BD9DC4}.Debug|Any CPU.ActiveCfg = Debug|Any CPU
		{14034089-17AB-493E-B73D-0A1E60BD9DC4}.Debug|Any CPU.Build.0 = Debug|Any CPU
		{14034089-17AB-493E-B73D-0A1E60BD9DC4}.Release|Any CPU.ActiveCfg = Release|Any CPU
		{14034089-17AB-493E-B73D-0A1E60BD9DC4}.Release|Any CPU.Build.0 = Release|Any CPU
		{7A580DE2-4431-45D5-B1C1-D4D9AADC05ED}.Debug|Any CPU.ActiveCfg = Debug|Any CPU
		{7A580DE2-4431-45D5-B1C1-D4D9AADC05ED}.Debug|Any CPU.Build.0 = Debug|Any CPU
		{7A580DE2-4431-45D5-B1C1-D4D9AADC05ED}.Release|Any CPU.ActiveCfg = Release|Any CPU
		{7A580DE2-4431-45D5-B1C1-D4D9AADC05ED}.Release|Any CPU.Build.0 = Release|Any CPU
		{38198E71-ECB2-4982-9B17-875C35DD6B8D}.Debug|Any CPU.ActiveCfg = Debug|Any CPU
		{38198E71-ECB2-4982-9B17-875C35DD6B8D}.Debug|Any CPU.Build.0 = Debug|Any CPU
		{38198E71-ECB2-4982-9B17-875C35DD6B8D}.Release|Any CPU.ActiveCfg = Release|Any CPU
		{38198E71-ECB2-4982-9B17-875C35DD6B8D}.Release|Any CPU.Build.0 = Release|Any CPU
		{2E98FEE6-B667-4EA6-BD43-99C63EB80763}.Debug|Any CPU.ActiveCfg = Debug|Any CPU
		{2E98FEE6-B667-4EA6-BD43-99C63EB80763}.Debug|Any CPU.Build.0 = Debug|Any CPU
		{2E98FEE6-B667-4EA6-BD43-99C63EB80763}.Release|Any CPU.ActiveCfg = Release|Any CPU
		{2E98FEE6-B667-4EA6-BD43-99C63EB80763}.Release|Any CPU.Build.0 = Release|Any CPU
		{5199592A-0C95-4B7E-A819-BE91E9C82E35}.Debug|Any CPU.ActiveCfg = Debug|Any CPU
		{5199592A-0C95-4B7E-A819-BE91E9C82E35}.Debug|Any CPU.Build.0 = Debug|Any CPU
		{5199592A-0C95-4B7E-A819-BE91E9C82E35}.Release|Any CPU.ActiveCfg = Release|Any CPU
		{5199592A-0C95-4B7E-A819-BE91E9C82E35}.Release|Any CPU.Build.0 = Release|Any CPU
		{B03A3799-50B9-419C-86DD-D789B79D5C9D}.Debug|Any CPU.ActiveCfg = Debug|Any CPU
		{B03A3799-50B9-419C-86DD-D789B79D5C9D}.Debug|Any CPU.Build.0 = Debug|Any CPU
		{B03A3799-50B9-419C-86DD-D789B79D5C9D}.Release|Any CPU.ActiveCfg = Release|Any CPU
		{B03A3799-50B9-419C-86DD-D789B79D5C9D}.Release|Any CPU.Build.0 = Release|Any CPU
		{7A166DB2-E4AF-4B3F-AA8C-3C6708DE88EC}.Debug|Any CPU.ActiveCfg = Debug|Any CPU
		{7A166DB2-E4AF-4B3F-AA8C-3C6708DE88EC}.Debug|Any CPU.Build.0 = Debug|Any CPU
		{7A166DB2-E4AF-4B3F-AA8C-3C6708DE88EC}.Release|Any CPU.ActiveCfg = Release|Any CPU
		{7A166DB2-E4AF-4B3F-AA8C-3C6708DE88EC}.Release|Any CPU.Build.0 = Release|Any CPU
		{18043017-07D0-4731-A085-50669C1EE1C5}.Debug|Any CPU.ActiveCfg = Debug|Any CPU
		{18043017-07D0-4731-A085-50669C1EE1C5}.Debug|Any CPU.Build.0 = Debug|Any CPU
		{18043017-07D0-4731-A085-50669C1EE1C5}.Release|Any CPU.ActiveCfg = Release|Any CPU
		{18043017-07D0-4731-A085-50669C1EE1C5}.Release|Any CPU.Build.0 = Release|Any CPU
		{CF3B016A-EF7D-4E93-978F-C07D7A49A5E9}.Debug|Any CPU.ActiveCfg = Debug|Any CPU
		{CF3B016A-EF7D-4E93-978F-C07D7A49A5E9}.Debug|Any CPU.Build.0 = Debug|Any CPU
		{CF3B016A-EF7D-4E93-978F-C07D7A49A5E9}.Release|Any CPU.ActiveCfg = Release|Any CPU
		{CF3B016A-EF7D-4E93-978F-C07D7A49A5E9}.Release|Any CPU.Build.0 = Release|Any CPU
		{B719D7B2-72B8-43A1-92E8-AA38AF9CCDE2}.Debug|Any CPU.ActiveCfg = Debug|Any CPU
		{B719D7B2-72B8-43A1-92E8-AA38AF9CCDE2}.Debug|Any CPU.Build.0 = Debug|Any CPU
		{B719D7B2-72B8-43A1-92E8-AA38AF9CCDE2}.Release|Any CPU.ActiveCfg = Release|Any CPU
		{B719D7B2-72B8-43A1-92E8-AA38AF9CCDE2}.Release|Any CPU.Build.0 = Release|Any CPU
		{0EF8F35B-A380-43F8-89B4-457393331CC3}.Debug|Any CPU.ActiveCfg = Debug|Any CPU
		{0EF8F35B-A380-43F8-89B4-457393331CC3}.Debug|Any CPU.Build.0 = Debug|Any CPU
		{0EF8F35B-A380-43F8-89B4-457393331CC3}.Release|Any CPU.ActiveCfg = Release|Any CPU
		{0EF8F35B-A380-43F8-89B4-457393331CC3}.Release|Any CPU.Build.0 = Release|Any CPU
		{6CDBC782-60A5-4820-AFD8-CE5FC6ADFD8D}.Debug|Any CPU.ActiveCfg = Debug|Any CPU
		{6CDBC782-60A5-4820-AFD8-CE5FC6ADFD8D}.Debug|Any CPU.Build.0 = Debug|Any CPU
		{6CDBC782-60A5-4820-AFD8-CE5FC6ADFD8D}.Release|Any CPU.ActiveCfg = Release|Any CPU
		{6CDBC782-60A5-4820-AFD8-CE5FC6ADFD8D}.Release|Any CPU.Build.0 = Release|Any CPU
		{8D0B51FF-DC63-4BD9-B0B0-62645727781B}.Debug|Any CPU.ActiveCfg = Debug|Any CPU
		{8D0B51FF-DC63-4BD9-B0B0-62645727781B}.Debug|Any CPU.Build.0 = Debug|Any CPU
		{8D0B51FF-DC63-4BD9-B0B0-62645727781B}.Release|Any CPU.ActiveCfg = Release|Any CPU
		{8D0B51FF-DC63-4BD9-B0B0-62645727781B}.Release|Any CPU.Build.0 = Release|Any CPU
		{3D558305-8EA4-4528-8BE8-7311D21B6441}.Debug|Any CPU.ActiveCfg = Debug|Any CPU
		{3D558305-8EA4-4528-8BE8-7311D21B6441}.Debug|Any CPU.Build.0 = Debug|Any CPU
		{3D558305-8EA4-4528-8BE8-7311D21B6441}.Release|Any CPU.ActiveCfg = Release|Any CPU
		{3D558305-8EA4-4528-8BE8-7311D21B6441}.Release|Any CPU.Build.0 = Release|Any CPU
		{212DBAD9-9B55-4632-B8B7-96D91E0FA49E}.Debug|Any CPU.ActiveCfg = Debug|Any CPU
		{212DBAD9-9B55-4632-B8B7-96D91E0FA49E}.Debug|Any CPU.Build.0 = Debug|Any CPU
		{212DBAD9-9B55-4632-B8B7-96D91E0FA49E}.Release|Any CPU.ActiveCfg = Release|Any CPU
		{212DBAD9-9B55-4632-B8B7-96D91E0FA49E}.Release|Any CPU.Build.0 = Release|Any CPU
		{F5993408-1884-408E-AA4C-692F38A9AA38}.Debug|Any CPU.ActiveCfg = Debug|Any CPU
		{F5993408-1884-408E-AA4C-692F38A9AA38}.Debug|Any CPU.Build.0 = Debug|Any CPU
		{F5993408-1884-408E-AA4C-692F38A9AA38}.Release|Any CPU.ActiveCfg = Release|Any CPU
		{F5993408-1884-408E-AA4C-692F38A9AA38}.Release|Any CPU.Build.0 = Release|Any CPU
		{622C9C01-2B23-4CF1-9296-0747FA0FAB15}.Debug|Any CPU.ActiveCfg = Debug|Any CPU
		{622C9C01-2B23-4CF1-9296-0747FA0FAB15}.Debug|Any CPU.Build.0 = Debug|Any CPU
		{622C9C01-2B23-4CF1-9296-0747FA0FAB15}.Release|Any CPU.ActiveCfg = Release|Any CPU
		{622C9C01-2B23-4CF1-9296-0747FA0FAB15}.Release|Any CPU.Build.0 = Release|Any CPU
		{EABE58A4-CF6C-4C97-BEC8-181B7A130572}.Debug|Any CPU.ActiveCfg = Debug|Any CPU
		{EABE58A4-CF6C-4C97-BEC8-181B7A130572}.Debug|Any CPU.Build.0 = Debug|Any CPU
		{EABE58A4-CF6C-4C97-BEC8-181B7A130572}.Release|Any CPU.ActiveCfg = Release|Any CPU
		{EABE58A4-CF6C-4C97-BEC8-181B7A130572}.Release|Any CPU.Build.0 = Release|Any CPU
		{2C028D5B-B5C7-4266-AD31-0AB7B6719667}.Debug|Any CPU.ActiveCfg = Debug|Any CPU
		{2C028D5B-B5C7-4266-AD31-0AB7B6719667}.Debug|Any CPU.Build.0 = Debug|Any CPU
		{2C028D5B-B5C7-4266-AD31-0AB7B6719667}.Release|Any CPU.ActiveCfg = Release|Any CPU
		{2C028D5B-B5C7-4266-AD31-0AB7B6719667}.Release|Any CPU.Build.0 = Release|Any CPU
		{9E198693-4FDE-45C5-B619-6E283B55B899}.Debug|Any CPU.ActiveCfg = Debug|Any CPU
		{9E198693-4FDE-45C5-B619-6E283B55B899}.Debug|Any CPU.Build.0 = Debug|Any CPU
		{9E198693-4FDE-45C5-B619-6E283B55B899}.Release|Any CPU.ActiveCfg = Release|Any CPU
		{9E198693-4FDE-45C5-B619-6E283B55B899}.Release|Any CPU.Build.0 = Release|Any CPU
		{DA8C2543-F58D-460A-AE54-E903E853DDC2}.Debug|Any CPU.ActiveCfg = Debug|Any CPU
		{DA8C2543-F58D-460A-AE54-E903E853DDC2}.Debug|Any CPU.Build.0 = Debug|Any CPU
		{DA8C2543-F58D-460A-AE54-E903E853DDC2}.Release|Any CPU.ActiveCfg = Release|Any CPU
		{DA8C2543-F58D-460A-AE54-E903E853DDC2}.Release|Any CPU.Build.0 = Release|Any CPU
		{FC00A4E2-2B86-4737-B2D1-63F8AD9D25E5}.Debug|Any CPU.ActiveCfg = Debug|Any CPU
		{FC00A4E2-2B86-4737-B2D1-63F8AD9D25E5}.Debug|Any CPU.Build.0 = Debug|Any CPU
		{FC00A4E2-2B86-4737-B2D1-63F8AD9D25E5}.Release|Any CPU.ActiveCfg = Release|Any CPU
		{FC00A4E2-2B86-4737-B2D1-63F8AD9D25E5}.Release|Any CPU.Build.0 = Release|Any CPU
		{C364B2A4-FCAD-45E2-A51F-CC82E057D969}.Debug|Any CPU.ActiveCfg = Debug|Any CPU
		{C364B2A4-FCAD-45E2-A51F-CC82E057D969}.Debug|Any CPU.Build.0 = Debug|Any CPU
		{C364B2A4-FCAD-45E2-A51F-CC82E057D969}.Release|Any CPU.ActiveCfg = Release|Any CPU
		{C364B2A4-FCAD-45E2-A51F-CC82E057D969}.Release|Any CPU.Build.0 = Release|Any CPU
		{9FF109E7-CB68-4034-B42C-5C846FF24732}.Debug|Any CPU.ActiveCfg = Debug|Any CPU
		{9FF109E7-CB68-4034-B42C-5C846FF24732}.Debug|Any CPU.Build.0 = Debug|Any CPU
		{9FF109E7-CB68-4034-B42C-5C846FF24732}.Release|Any CPU.ActiveCfg = Release|Any CPU
		{9FF109E7-CB68-4034-B42C-5C846FF24732}.Release|Any CPU.Build.0 = Release|Any CPU
		{607D71D6-2D14-4AD0-B84C-B2CF06F89D93}.Debug|Any CPU.ActiveCfg = Debug|Any CPU
		{607D71D6-2D14-4AD0-B84C-B2CF06F89D93}.Debug|Any CPU.Build.0 = Debug|Any CPU
		{607D71D6-2D14-4AD0-B84C-B2CF06F89D93}.Release|Any CPU.ActiveCfg = Release|Any CPU
		{607D71D6-2D14-4AD0-B84C-B2CF06F89D93}.Release|Any CPU.Build.0 = Release|Any CPU
		{D33D2BE2-02B0-4925-8CD0-58C6A5B3B09A}.Debug|Any CPU.ActiveCfg = Debug|Any CPU
		{D33D2BE2-02B0-4925-8CD0-58C6A5B3B09A}.Debug|Any CPU.Build.0 = Debug|Any CPU
		{D33D2BE2-02B0-4925-8CD0-58C6A5B3B09A}.Release|Any CPU.ActiveCfg = Release|Any CPU
		{D33D2BE2-02B0-4925-8CD0-58C6A5B3B09A}.Release|Any CPU.Build.0 = Release|Any CPU
		{E3380BF5-276A-423C-86B6-F249966A4DAF}.Debug|Any CPU.ActiveCfg = Debug|Any CPU
		{E3380BF5-276A-423C-86B6-F249966A4DAF}.Debug|Any CPU.Build.0 = Debug|Any CPU
		{E3380BF5-276A-423C-86B6-F249966A4DAF}.Release|Any CPU.ActiveCfg = Release|Any CPU
		{E3380BF5-276A-423C-86B6-F249966A4DAF}.Release|Any CPU.Build.0 = Release|Any CPU
		{E6D5ED52-A2C3-4772-8E06-A6E4655A8FF3}.Debug|Any CPU.ActiveCfg = Debug|Any CPU
		{E6D5ED52-A2C3-4772-8E06-A6E4655A8FF3}.Debug|Any CPU.Build.0 = Debug|Any CPU
		{E6D5ED52-A2C3-4772-8E06-A6E4655A8FF3}.Release|Any CPU.ActiveCfg = Release|Any CPU
		{E6D5ED52-A2C3-4772-8E06-A6E4655A8FF3}.Release|Any CPU.Build.0 = Release|Any CPU
		{27DFA960-C88E-45E7-A560-01A634909106}.Debug|Any CPU.ActiveCfg = Debug|Any CPU
		{27DFA960-C88E-45E7-A560-01A634909106}.Debug|Any CPU.Build.0 = Debug|Any CPU
		{27DFA960-C88E-45E7-A560-01A634909106}.Release|Any CPU.ActiveCfg = Release|Any CPU
		{27DFA960-C88E-45E7-A560-01A634909106}.Release|Any CPU.Build.0 = Release|Any CPU
	EndGlobalSection
	GlobalSection(SolutionProperties) = preSolution
		HideSolutionNode = FALSE
	EndGlobalSection
	GlobalSection(NestedProjects) = preSolution
		{7B4B397B-5C6A-458F-8122-D56F78E69DDC} = {79968845-C170-45B7-AEFC-0D5BFA3DD64B}
		{7CBEDF77-DDFC-4FE8-88F3-34588BE5424D} = {7B4B397B-5C6A-458F-8122-D56F78E69DDC}
		{412151D4-D4A5-4E07-A886-23AA748B9A22} = {79968845-C170-45B7-AEFC-0D5BFA3DD64B}
		{9D7674BC-055A-46D0-8EAA-A8720B1FD0D2} = {412151D4-D4A5-4E07-A886-23AA748B9A22}
		{C653E986-E8DB-4690-9CD1-0FDB9B151DD7} = {79968845-C170-45B7-AEFC-0D5BFA3DD64B}
		{CB49F916-21D0-4740-81FE-EA661A504EE1} = {C653E986-E8DB-4690-9CD1-0FDB9B151DD7}
		{DCACD572-96D4-4000-94AE-9B80B87D8D74} = {C653E986-E8DB-4690-9CD1-0FDB9B151DD7}
		{3652DCEE-11DA-47EB-9C5F-F46091103960} = {C653E986-E8DB-4690-9CD1-0FDB9B151DD7}
		{66501B6A-6032-4F6E-8A82-54BA978D3ADD} = {C653E986-E8DB-4690-9CD1-0FDB9B151DD7}
		{46C3F324-0B95-435A-8465-BD093E0E5E42} = {C653E986-E8DB-4690-9CD1-0FDB9B151DD7}
		{14034089-17AB-493E-B73D-0A1E60BD9DC4} = {C653E986-E8DB-4690-9CD1-0FDB9B151DD7}
		{490CDFF3-A374-479B-BFBB-947EBFE799C3} = {79968845-C170-45B7-AEFC-0D5BFA3DD64B}
		{7A580DE2-4431-45D5-B1C1-D4D9AADC05ED} = {490CDFF3-A374-479B-BFBB-947EBFE799C3}
		{38198E71-ECB2-4982-9B17-875C35DD6B8D} = {490CDFF3-A374-479B-BFBB-947EBFE799C3}
		{2E98FEE6-B667-4EA6-BD43-99C63EB80763} = {490CDFF3-A374-479B-BFBB-947EBFE799C3}
		{5199592A-0C95-4B7E-A819-BE91E9C82E35} = {490CDFF3-A374-479B-BFBB-947EBFE799C3}
		{B03A3799-50B9-419C-86DD-D789B79D5C9D} = {490CDFF3-A374-479B-BFBB-947EBFE799C3}
		{7A166DB2-E4AF-4B3F-AA8C-3C6708DE88EC} = {490CDFF3-A374-479B-BFBB-947EBFE799C3}
		{18043017-07D0-4731-A085-50669C1EE1C5} = {490CDFF3-A374-479B-BFBB-947EBFE799C3}
		{CF3B016A-EF7D-4E93-978F-C07D7A49A5E9} = {490CDFF3-A374-479B-BFBB-947EBFE799C3}
		{B719D7B2-72B8-43A1-92E8-AA38AF9CCDE2} = {490CDFF3-A374-479B-BFBB-947EBFE799C3}
		{D690A98D-BBE6-42A5-93D7-F9538357C5B8} = {79968845-C170-45B7-AEFC-0D5BFA3DD64B}
		{0EF8F35B-A380-43F8-89B4-457393331CC3} = {D690A98D-BBE6-42A5-93D7-F9538357C5B8}
		{26CB259E-A730-4090-AC51-DA7BD789C058} = {79968845-C170-45B7-AEFC-0D5BFA3DD64B}
		{6CDBC782-60A5-4820-AFD8-CE5FC6ADFD8D} = {26CB259E-A730-4090-AC51-DA7BD789C058}
		{8D0B51FF-DC63-4BD9-B0B0-62645727781B} = {26CB259E-A730-4090-AC51-DA7BD789C058}
		{3D558305-8EA4-4528-8BE8-7311D21B6441} = {26CB259E-A730-4090-AC51-DA7BD789C058}
		{67C97949-B28B-4138-AFDA-AE057760F38E} = {79968845-C170-45B7-AEFC-0D5BFA3DD64B}
		{D90C3D34-C53C-44EB-A0C5-2ECDFA3C2532} = {79968845-C170-45B7-AEFC-0D5BFA3DD64B}
		{212DBAD9-9B55-4632-B8B7-96D91E0FA49E} = {D90C3D34-C53C-44EB-A0C5-2ECDFA3C2532}
		{F5993408-1884-408E-AA4C-692F38A9AA38} = {D90C3D34-C53C-44EB-A0C5-2ECDFA3C2532}
		{D727FC8A-25D8-4A53-A700-F67A93FA4046} = {79968845-C170-45B7-AEFC-0D5BFA3DD64B}
		{622C9C01-2B23-4CF1-9296-0747FA0FAB15} = {D727FC8A-25D8-4A53-A700-F67A93FA4046}
		{EABE58A4-CF6C-4C97-BEC8-181B7A130572} = {D727FC8A-25D8-4A53-A700-F67A93FA4046}
		{CA072166-FDD6-4BD7-80D3-E5854A0984EC} = {79968845-C170-45B7-AEFC-0D5BFA3DD64B}
		{2C028D5B-B5C7-4266-AD31-0AB7B6719667} = {CA072166-FDD6-4BD7-80D3-E5854A0984EC}
		{9E198693-4FDE-45C5-B619-6E283B55B899} = {CA072166-FDD6-4BD7-80D3-E5854A0984EC}
		{DA8C2543-F58D-460A-AE54-E903E853DDC2} = {CA072166-FDD6-4BD7-80D3-E5854A0984EC}
		{FC00A4E2-2B86-4737-B2D1-63F8AD9D25E5} = {CA072166-FDD6-4BD7-80D3-E5854A0984EC}
		{C364B2A4-FCAD-45E2-A51F-CC82E057D969} = {CA072166-FDD6-4BD7-80D3-E5854A0984EC}
		{9FF109E7-CB68-4034-B42C-5C846FF24732} = {CA072166-FDD6-4BD7-80D3-E5854A0984EC}
		{607D71D6-2D14-4AD0-B84C-B2CF06F89D93} = {CA072166-FDD6-4BD7-80D3-E5854A0984EC}
		{D33D2BE2-02B0-4925-8CD0-58C6A5B3B09A} = {CA072166-FDD6-4BD7-80D3-E5854A0984EC}
		{E3380BF5-276A-423C-86B6-F249966A4DAF} = {67C97949-B28B-4138-AFDA-AE057760F38E}
		{C0E57AE3-F7B2-4B23-B610-585C59103E6E} = {79968845-C170-45B7-AEFC-0D5BFA3DD64B}
		{E6D5ED52-A2C3-4772-8E06-A6E4655A8FF3} = {C0E57AE3-F7B2-4B23-B610-585C59103E6E}
		{27DFA960-C88E-45E7-A560-01A634909106} = {C0E57AE3-F7B2-4B23-B610-585C59103E6E}
	EndGlobalSection
	GlobalSection(ExtensibilityGlobals) = postSolution
		SolutionGuid = {5E6D9B10-AA5C-45F6-A8F2-3C896718F3A6}
	EndGlobalSection
EndGlobal
